// !$*UTF8*$!
{
	archiveVersion = 1;
	classes = {
	};
	objectVersion = 50;
	objects = {

/* Begin PBXBuildFile section */
		133F60A121C651FD0088603C /* ProfileCoordinator.swift in Sources */ = {isa = PBXBuildFile; fileRef = 133F60A021C651FD0088603C /* ProfileCoordinator.swift */; };
		133F60A321C676C80088603C /* SettingsViewModelDelegate.swift in Sources */ = {isa = PBXBuildFile; fileRef = 133F60A221C676C80088603C /* SettingsViewModelDelegate.swift */; };
		138CE4D321B7FBB20033CC05 /* AppDelegate.swift in Sources */ = {isa = PBXBuildFile; fileRef = 138CE4D221B7FBB20033CC05 /* AppDelegate.swift */; };
		138CE4D821B7FBB20033CC05 /* Main.storyboard in Resources */ = {isa = PBXBuildFile; fileRef = 138CE4D621B7FBB20033CC05 /* Main.storyboard */; };
		138CE4DA21B7FBB30033CC05 /* Assets.xcassets in Resources */ = {isa = PBXBuildFile; fileRef = 138CE4D921B7FBB30033CC05 /* Assets.xcassets */; };
		138CE4DD21B7FBB30033CC05 /* LaunchScreen.storyboard in Resources */ = {isa = PBXBuildFile; fileRef = 138CE4DB21B7FBB30033CC05 /* LaunchScreen.storyboard */; };
		138CE4E821B7FBB40033CC05 /* OfficeChatTests.swift in Sources */ = {isa = PBXBuildFile; fileRef = 138CE4E721B7FBB40033CC05 /* OfficeChatTests.swift */; };
		138CE4F321B7FBB40033CC05 /* OfficeChatUITests.swift in Sources */ = {isa = PBXBuildFile; fileRef = 138CE4F221B7FBB40033CC05 /* OfficeChatUITests.swift */; };
		138CE50121B80AFC0033CC05 /* ReadME.md in Resources */ = {isa = PBXBuildFile; fileRef = 138CE50021B80AFC0033CC05 /* ReadME.md */; };
		13AC767521BFC48E007AE87C /* Channel.swift in Sources */ = {isa = PBXBuildFile; fileRef = 13AC767421BFC48E007AE87C /* Channel.swift */; };
		13AC767721BFD813007AE87C /* ChatListDelegate.swift in Sources */ = {isa = PBXBuildFile; fileRef = 13AC767621BFD813007AE87C /* ChatListDelegate.swift */; };
		13AC767921C128BE007AE87C /* ChatViewController.swift in Sources */ = {isa = PBXBuildFile; fileRef = 13AC767821C128BE007AE87C /* ChatViewController.swift */; };
		13AC767B21C12928007AE87C /* ChatViewModel.swift in Sources */ = {isa = PBXBuildFile; fileRef = 13AC767A21C12928007AE87C /* ChatViewModel.swift */; };
		13AC767D21C129A2007AE87C /* Message.swift in Sources */ = {isa = PBXBuildFile; fileRef = 13AC767C21C129A2007AE87C /* Message.swift */; };
		13AC768021C12E0F007AE87C /* Coordinator.swift in Sources */ = {isa = PBXBuildFile; fileRef = 13AC767F21C12E0F007AE87C /* Coordinator.swift */; };
		13AC768221C12E43007AE87C /* AppCoordinator.swift in Sources */ = {isa = PBXBuildFile; fileRef = 13AC768121C12E43007AE87C /* AppCoordinator.swift */; };
		13AC768421C13096007AE87C /* AuthenticationCoordinator.swift in Sources */ = {isa = PBXBuildFile; fileRef = 13AC768321C13096007AE87C /* AuthenticationCoordinator.swift */; };
		13AC768621C130F5007AE87C /* MainScreenCoordinator.swift in Sources */ = {isa = PBXBuildFile; fileRef = 13AC768521C130F5007AE87C /* MainScreenCoordinator.swift */; };
		13AC768921C4FBC9007AE87C /* UIColor+Extensions.swift in Sources */ = {isa = PBXBuildFile; fileRef = 13AC768821C4FBC9007AE87C /* UIColor+Extensions.swift */; };
		13AC768B21C50066007AE87C /* ChatViewDelegate.swift in Sources */ = {isa = PBXBuildFile; fileRef = 13AC768A21C50066007AE87C /* ChatViewDelegate.swift */; };
		13AC768D21C5031E007AE87C /* UIScrollView+Extensions.swift in Sources */ = {isa = PBXBuildFile; fileRef = 13AC768C21C5031E007AE87C /* UIScrollView+Extensions.swift */; };
		13AC768F21C51595007AE87C /* JSONRepresentation.swift in Sources */ = {isa = PBXBuildFile; fileRef = 13AC768E21C51595007AE87C /* JSONRepresentation.swift */; };
		13DA537F21C533C300395772 /* Podfile.lock in Resources */ = {isa = PBXBuildFile; fileRef = 13DA537E21C533C300395772 /* Podfile.lock */; };
		13DA538121C5397500395772 /* UImage+Extensions.swift in Sources */ = {isa = PBXBuildFile; fileRef = 13DA538021C5397500395772 /* UImage+Extensions.swift */; };
		13DA538321C5765F00395772 /* ImageMedia.swift in Sources */ = {isa = PBXBuildFile; fileRef = 13DA538221C5765F00395772 /* ImageMedia.swift */; };
		13DA538821C584D300395772 /* MainTabBarController.swift in Sources */ = {isa = PBXBuildFile; fileRef = 13DA538721C584D300395772 /* MainTabBarController.swift */; };
		13DA538A21C5855B00395772 /* ProfileViewController.swift in Sources */ = {isa = PBXBuildFile; fileRef = 13DA538921C5855B00395772 /* ProfileViewController.swift */; };
		13DA538C21C5857700395772 /* SettingsViewController.swift in Sources */ = {isa = PBXBuildFile; fileRef = 13DA538B21C5857700395772 /* SettingsViewController.swift */; };
		13DA538E21C5859500395772 /* SettingsViewModel.swift in Sources */ = {isa = PBXBuildFile; fileRef = 13DA538D21C5859500395772 /* SettingsViewModel.swift */; };
		13DA539021C585B400395772 /* ProfileViewModel.swift in Sources */ = {isa = PBXBuildFile; fileRef = 13DA538F21C585B400395772 /* ProfileViewModel.swift */; };
		13E469D021BD21AB00BB8D18 /* LoginViewController.swift in Sources */ = {isa = PBXBuildFile; fileRef = 13E469CF21BD21AB00BB8D18 /* LoginViewController.swift */; };
		13E469D221BD302800BB8D18 /* GoogleService-Info.plist in Resources */ = {isa = PBXBuildFile; fileRef = 13E469D121BD302800BB8D18 /* GoogleService-Info.plist */; };
		13E469D521BD56F200BB8D18 /* LoginViewModel.swift in Sources */ = {isa = PBXBuildFile; fileRef = 13E469D421BD56F200BB8D18 /* LoginViewModel.swift */; };
		13E469D821BD748200BB8D18 /* UIViewController+Extensions.swift in Sources */ = {isa = PBXBuildFile; fileRef = 13E469D721BD748200BB8D18 /* UIViewController+Extensions.swift */; };
		13E469DB21BD81E900BB8D18 /* Result.swift in Sources */ = {isa = PBXBuildFile; fileRef = 13E469DA21BD81E900BB8D18 /* Result.swift */; };
		13E469E021BD95E600BB8D18 /* ChatListViewController.swift in Sources */ = {isa = PBXBuildFile; fileRef = 13E469DF21BD95E600BB8D18 /* ChatListViewController.swift */; };
		13E469E221BD963500BB8D18 /* ChatListViewModel.swift in Sources */ = {isa = PBXBuildFile; fileRef = 13E469E121BD963500BB8D18 /* ChatListViewModel.swift */; };
		BBDF1D7DBB69C2D4C5E4B18F /* Pods_OfficeChatTests.framework in Frameworks */ = {isa = PBXBuildFile; fileRef = FC852746AEED7BE34CD652AD /* Pods_OfficeChatTests.framework */; };
		DD9CABF169298918565E67DE /* Pods_OfficeChat.framework in Frameworks */ = {isa = PBXBuildFile; fileRef = 213D3BE80C9E72270D174C22 /* Pods_OfficeChat.framework */; };
		F3967B0C4D31E314EB2E9C25 /* Pods_OfficeChat_OfficeChatTests.framework in Frameworks */ = {isa = PBXBuildFile; fileRef = C876500F9CDA701D6A3ED23D /* Pods_OfficeChat_OfficeChatTests.framework */; };
/* End PBXBuildFile section */

/* Begin PBXContainerItemProxy section */
		138CE4E421B7FBB40033CC05 /* PBXContainerItemProxy */ = {
			isa = PBXContainerItemProxy;
			containerPortal = 138CE4C721B7FBB20033CC05 /* Project object */;
			proxyType = 1;
			remoteGlobalIDString = 138CE4CE21B7FBB20033CC05;
			remoteInfo = OfficeChat;
		};
		138CE4EF21B7FBB40033CC05 /* PBXContainerItemProxy */ = {
			isa = PBXContainerItemProxy;
			containerPortal = 138CE4C721B7FBB20033CC05 /* Project object */;
			proxyType = 1;
			remoteGlobalIDString = 138CE4CE21B7FBB20033CC05;
			remoteInfo = OfficeChat;
		};
/* End PBXContainerItemProxy section */

/* Begin PBXFileReference section */
		125B726E6E498C7779DEC705 /* Pods-OfficeChat.release.xcconfig */ = {isa = PBXFileReference; includeInIndex = 1; lastKnownFileType = text.xcconfig; name = "Pods-OfficeChat.release.xcconfig"; path = "Pods/Target Support Files/Pods-OfficeChat/Pods-OfficeChat.release.xcconfig"; sourceTree = "<group>"; };
		133F60A021C651FD0088603C /* ProfileCoordinator.swift */ = {isa = PBXFileReference; lastKnownFileType = sourcecode.swift; path = ProfileCoordinator.swift; sourceTree = "<group>"; };
		133F60A221C676C80088603C /* SettingsViewModelDelegate.swift */ = {isa = PBXFileReference; lastKnownFileType = sourcecode.swift; path = SettingsViewModelDelegate.swift; sourceTree = "<group>"; };
		138CE4CF21B7FBB20033CC05 /* OfficeChat.app */ = {isa = PBXFileReference; explicitFileType = wrapper.application; includeInIndex = 0; path = OfficeChat.app; sourceTree = BUILT_PRODUCTS_DIR; };
		138CE4D221B7FBB20033CC05 /* AppDelegate.swift */ = {isa = PBXFileReference; lastKnownFileType = sourcecode.swift; path = AppDelegate.swift; sourceTree = "<group>"; };
		138CE4D721B7FBB20033CC05 /* Base */ = {isa = PBXFileReference; lastKnownFileType = file.storyboard; name = Base; path = Base.lproj/Main.storyboard; sourceTree = "<group>"; };
		138CE4D921B7FBB30033CC05 /* Assets.xcassets */ = {isa = PBXFileReference; lastKnownFileType = folder.assetcatalog; path = Assets.xcassets; sourceTree = "<group>"; };
		138CE4DC21B7FBB30033CC05 /* Base */ = {isa = PBXFileReference; lastKnownFileType = file.storyboard; name = Base; path = Base.lproj/LaunchScreen.storyboard; sourceTree = "<group>"; };
		138CE4DE21B7FBB30033CC05 /* Info.plist */ = {isa = PBXFileReference; lastKnownFileType = text.plist.xml; path = Info.plist; sourceTree = "<group>"; };
		138CE4E321B7FBB40033CC05 /* OfficeChatTests.xctest */ = {isa = PBXFileReference; explicitFileType = wrapper.cfbundle; includeInIndex = 0; path = OfficeChatTests.xctest; sourceTree = BUILT_PRODUCTS_DIR; };
		138CE4E721B7FBB40033CC05 /* OfficeChatTests.swift */ = {isa = PBXFileReference; lastKnownFileType = sourcecode.swift; path = OfficeChatTests.swift; sourceTree = "<group>"; };
		138CE4E921B7FBB40033CC05 /* Info.plist */ = {isa = PBXFileReference; lastKnownFileType = text.plist.xml; path = Info.plist; sourceTree = "<group>"; };
		138CE4EE21B7FBB40033CC05 /* OfficeChatUITests.xctest */ = {isa = PBXFileReference; explicitFileType = wrapper.cfbundle; includeInIndex = 0; path = OfficeChatUITests.xctest; sourceTree = BUILT_PRODUCTS_DIR; };
		138CE4F221B7FBB40033CC05 /* OfficeChatUITests.swift */ = {isa = PBXFileReference; lastKnownFileType = sourcecode.swift; path = OfficeChatUITests.swift; sourceTree = "<group>"; };
		138CE4F421B7FBB40033CC05 /* Info.plist */ = {isa = PBXFileReference; lastKnownFileType = text.plist.xml; path = Info.plist; sourceTree = "<group>"; };
		138CE50021B80AFC0033CC05 /* ReadME.md */ = {isa = PBXFileReference; fileEncoding = 4; lastKnownFileType = net.daringfireball.markdown; path = ReadME.md; sourceTree = "<group>"; };
		13AC767421BFC48E007AE87C /* Channel.swift */ = {isa = PBXFileReference; lastKnownFileType = sourcecode.swift; path = Channel.swift; sourceTree = "<group>"; };
		13AC767621BFD813007AE87C /* ChatListDelegate.swift */ = {isa = PBXFileReference; lastKnownFileType = sourcecode.swift; path = ChatListDelegate.swift; sourceTree = "<group>"; };
		13AC767821C128BE007AE87C /* ChatViewController.swift */ = {isa = PBXFileReference; lastKnownFileType = sourcecode.swift; path = ChatViewController.swift; sourceTree = "<group>"; };
		13AC767A21C12928007AE87C /* ChatViewModel.swift */ = {isa = PBXFileReference; lastKnownFileType = sourcecode.swift; path = ChatViewModel.swift; sourceTree = "<group>"; };
		13AC767C21C129A2007AE87C /* Message.swift */ = {isa = PBXFileReference; lastKnownFileType = sourcecode.swift; path = Message.swift; sourceTree = "<group>"; };
		13AC767F21C12E0F007AE87C /* Coordinator.swift */ = {isa = PBXFileReference; lastKnownFileType = sourcecode.swift; path = Coordinator.swift; sourceTree = "<group>"; };
		13AC768121C12E43007AE87C /* AppCoordinator.swift */ = {isa = PBXFileReference; lastKnownFileType = sourcecode.swift; path = AppCoordinator.swift; sourceTree = "<group>"; };
		13AC768321C13096007AE87C /* AuthenticationCoordinator.swift */ = {isa = PBXFileReference; lastKnownFileType = sourcecode.swift; path = AuthenticationCoordinator.swift; sourceTree = "<group>"; };
		13AC768521C130F5007AE87C /* MainScreenCoordinator.swift */ = {isa = PBXFileReference; lastKnownFileType = sourcecode.swift; path = MainScreenCoordinator.swift; sourceTree = "<group>"; };
		13AC768821C4FBC9007AE87C /* UIColor+Extensions.swift */ = {isa = PBXFileReference; lastKnownFileType = sourcecode.swift; path = "UIColor+Extensions.swift"; sourceTree = "<group>"; };
		13AC768A21C50066007AE87C /* ChatViewDelegate.swift */ = {isa = PBXFileReference; lastKnownFileType = sourcecode.swift; path = ChatViewDelegate.swift; sourceTree = "<group>"; };
		13AC768C21C5031E007AE87C /* UIScrollView+Extensions.swift */ = {isa = PBXFileReference; lastKnownFileType = sourcecode.swift; path = "UIScrollView+Extensions.swift"; sourceTree = "<group>"; };
		13AC768E21C51595007AE87C /* JSONRepresentation.swift */ = {isa = PBXFileReference; lastKnownFileType = sourcecode.swift; path = JSONRepresentation.swift; sourceTree = "<group>"; };
		13DA537E21C533C300395772 /* Podfile.lock */ = {isa = PBXFileReference; fileEncoding = 4; lastKnownFileType = text; path = Podfile.lock; sourceTree = "<group>"; };
		13DA538021C5397500395772 /* UImage+Extensions.swift */ = {isa = PBXFileReference; lastKnownFileType = sourcecode.swift; path = "UImage+Extensions.swift"; sourceTree = "<group>"; };
		13DA538221C5765F00395772 /* ImageMedia.swift */ = {isa = PBXFileReference; lastKnownFileType = sourcecode.swift; path = ImageMedia.swift; sourceTree = "<group>"; };
		13DA538721C584D300395772 /* MainTabBarController.swift */ = {isa = PBXFileReference; lastKnownFileType = sourcecode.swift; path = MainTabBarController.swift; sourceTree = "<group>"; };
		13DA538921C5855B00395772 /* ProfileViewController.swift */ = {isa = PBXFileReference; lastKnownFileType = sourcecode.swift; path = ProfileViewController.swift; sourceTree = "<group>"; };
		13DA538B21C5857700395772 /* SettingsViewController.swift */ = {isa = PBXFileReference; lastKnownFileType = sourcecode.swift; path = SettingsViewController.swift; sourceTree = "<group>"; };
		13DA538D21C5859500395772 /* SettingsViewModel.swift */ = {isa = PBXFileReference; lastKnownFileType = sourcecode.swift; path = SettingsViewModel.swift; sourceTree = "<group>"; };
		13DA538F21C585B400395772 /* ProfileViewModel.swift */ = {isa = PBXFileReference; lastKnownFileType = sourcecode.swift; path = ProfileViewModel.swift; sourceTree = "<group>"; };
		13E469CF21BD21AB00BB8D18 /* LoginViewController.swift */ = {isa = PBXFileReference; lastKnownFileType = sourcecode.swift; path = LoginViewController.swift; sourceTree = "<group>"; };
		13E469D121BD302800BB8D18 /* GoogleService-Info.plist */ = {isa = PBXFileReference; fileEncoding = 4; lastKnownFileType = text.plist.xml; path = "GoogleService-Info.plist"; sourceTree = "<group>"; };
		13E469D321BD341200BB8D18 /* OfficeChat.entitlements */ = {isa = PBXFileReference; lastKnownFileType = text.plist.entitlements; path = OfficeChat.entitlements; sourceTree = "<group>"; };
		13E469D421BD56F200BB8D18 /* LoginViewModel.swift */ = {isa = PBXFileReference; lastKnownFileType = sourcecode.swift; path = LoginViewModel.swift; sourceTree = "<group>"; };
		13E469D721BD748200BB8D18 /* UIViewController+Extensions.swift */ = {isa = PBXFileReference; lastKnownFileType = sourcecode.swift; path = "UIViewController+Extensions.swift"; sourceTree = "<group>"; };
		13E469DA21BD81E900BB8D18 /* Result.swift */ = {isa = PBXFileReference; lastKnownFileType = sourcecode.swift; path = Result.swift; sourceTree = "<group>"; };
		13E469DF21BD95E600BB8D18 /* ChatListViewController.swift */ = {isa = PBXFileReference; lastKnownFileType = sourcecode.swift; path = ChatListViewController.swift; sourceTree = "<group>"; };
		13E469E121BD963500BB8D18 /* ChatListViewModel.swift */ = {isa = PBXFileReference; lastKnownFileType = sourcecode.swift; path = ChatListViewModel.swift; sourceTree = "<group>"; };
		213D3BE80C9E72270D174C22 /* Pods_OfficeChat.framework */ = {isa = PBXFileReference; explicitFileType = wrapper.framework; includeInIndex = 0; path = Pods_OfficeChat.framework; sourceTree = BUILT_PRODUCTS_DIR; };
		2454BADC3A497F35301A361B /* Pods-OfficeChat.debug.xcconfig */ = {isa = PBXFileReference; includeInIndex = 1; lastKnownFileType = text.xcconfig; name = "Pods-OfficeChat.debug.xcconfig"; path = "Pods/Target Support Files/Pods-OfficeChat/Pods-OfficeChat.debug.xcconfig"; sourceTree = "<group>"; };
		34BA4D63AE81DBD5E59C63AD /* Pods-OfficeChat-OfficeChatTests.release.xcconfig */ = {isa = PBXFileReference; includeInIndex = 1; lastKnownFileType = text.xcconfig; name = "Pods-OfficeChat-OfficeChatTests.release.xcconfig"; path = "Pods/Target Support Files/Pods-OfficeChat-OfficeChatTests/Pods-OfficeChat-OfficeChatTests.release.xcconfig"; sourceTree = "<group>"; };
		414C15D9E28DF0FE7843C789 /* Pods-OfficeChat-OfficeChatTests.development.xcconfig */ = {isa = PBXFileReference; includeInIndex = 1; lastKnownFileType = text.xcconfig; name = "Pods-OfficeChat-OfficeChatTests.development.xcconfig"; path = "Pods/Target Support Files/Pods-OfficeChat-OfficeChatTests/Pods-OfficeChat-OfficeChatTests.development.xcconfig"; sourceTree = "<group>"; };
		41C0869520E4B30C65530905 /* Pods-OfficeChatTests.production.xcconfig */ = {isa = PBXFileReference; includeInIndex = 1; lastKnownFileType = text.xcconfig; name = "Pods-OfficeChatTests.production.xcconfig"; path = "Pods/Target Support Files/Pods-OfficeChatTests/Pods-OfficeChatTests.production.xcconfig"; sourceTree = "<group>"; };
		5C210F121954DAF90BB29E1D /* Pods-OfficeChat-OfficeChatTests.production.xcconfig */ = {isa = PBXFileReference; includeInIndex = 1; lastKnownFileType = text.xcconfig; name = "Pods-OfficeChat-OfficeChatTests.production.xcconfig"; path = "Pods/Target Support Files/Pods-OfficeChat-OfficeChatTests/Pods-OfficeChat-OfficeChatTests.production.xcconfig"; sourceTree = "<group>"; };
		63183BEF6B139C3C217B1705 /* Pods-OfficeChat-OfficeChatTests.debug.xcconfig */ = {isa = PBXFileReference; includeInIndex = 1; lastKnownFileType = text.xcconfig; name = "Pods-OfficeChat-OfficeChatTests.debug.xcconfig"; path = "Pods/Target Support Files/Pods-OfficeChat-OfficeChatTests/Pods-OfficeChat-OfficeChatTests.debug.xcconfig"; sourceTree = "<group>"; };
		6AE75AB2A5431C30A2F38946 /* Pods-OfficeChatTests.release.xcconfig */ = {isa = PBXFileReference; includeInIndex = 1; lastKnownFileType = text.xcconfig; name = "Pods-OfficeChatTests.release.xcconfig"; path = "Pods/Target Support Files/Pods-OfficeChatTests/Pods-OfficeChatTests.release.xcconfig"; sourceTree = "<group>"; };
		8B2AC807FA75E79370C56BE8 /* Pods-OfficeChatTests.debug.xcconfig */ = {isa = PBXFileReference; includeInIndex = 1; lastKnownFileType = text.xcconfig; name = "Pods-OfficeChatTests.debug.xcconfig"; path = "Pods/Target Support Files/Pods-OfficeChatTests/Pods-OfficeChatTests.debug.xcconfig"; sourceTree = "<group>"; };
		8C725D9BC3BBB3113D3C6A37 /* Pods-OfficeChat.production.xcconfig */ = {isa = PBXFileReference; includeInIndex = 1; lastKnownFileType = text.xcconfig; name = "Pods-OfficeChat.production.xcconfig"; path = "Pods/Target Support Files/Pods-OfficeChat/Pods-OfficeChat.production.xcconfig"; sourceTree = "<group>"; };
		9C6934039DEB7DE9F00914F9 /* Pods-OfficeChatTests.development.xcconfig */ = {isa = PBXFileReference; includeInIndex = 1; lastKnownFileType = text.xcconfig; name = "Pods-OfficeChatTests.development.xcconfig"; path = "Pods/Target Support Files/Pods-OfficeChatTests/Pods-OfficeChatTests.development.xcconfig"; sourceTree = "<group>"; };
		C876500F9CDA701D6A3ED23D /* Pods_OfficeChat_OfficeChatTests.framework */ = {isa = PBXFileReference; explicitFileType = wrapper.framework; includeInIndex = 0; path = Pods_OfficeChat_OfficeChatTests.framework; sourceTree = BUILT_PRODUCTS_DIR; };
		CAECCEC6A1CCDFE12A80DAB6 /* Pods-OfficeChat.development.xcconfig */ = {isa = PBXFileReference; includeInIndex = 1; lastKnownFileType = text.xcconfig; name = "Pods-OfficeChat.development.xcconfig"; path = "Pods/Target Support Files/Pods-OfficeChat/Pods-OfficeChat.development.xcconfig"; sourceTree = "<group>"; };
		FC852746AEED7BE34CD652AD /* Pods_OfficeChatTests.framework */ = {isa = PBXFileReference; explicitFileType = wrapper.framework; includeInIndex = 0; path = Pods_OfficeChatTests.framework; sourceTree = BUILT_PRODUCTS_DIR; };
/* End PBXFileReference section */

/* Begin PBXFrameworksBuildPhase section */
		138CE4CC21B7FBB20033CC05 /* Frameworks */ = {
			isa = PBXFrameworksBuildPhase;
			buildActionMask = 2147483647;
			files = (
				DD9CABF169298918565E67DE /* Pods_OfficeChat.framework in Frameworks */,
			);
			runOnlyForDeploymentPostprocessing = 0;
		};
		138CE4E021B7FBB40033CC05 /* Frameworks */ = {
			isa = PBXFrameworksBuildPhase;
			buildActionMask = 2147483647;
			files = (
				F3967B0C4D31E314EB2E9C25 /* Pods_OfficeChat_OfficeChatTests.framework in Frameworks */,
				BBDF1D7DBB69C2D4C5E4B18F /* Pods_OfficeChatTests.framework in Frameworks */,
			);
			runOnlyForDeploymentPostprocessing = 0;
		};
		138CE4EB21B7FBB40033CC05 /* Frameworks */ = {
			isa = PBXFrameworksBuildPhase;
			buildActionMask = 2147483647;
			files = (
			);
			runOnlyForDeploymentPostprocessing = 0;
		};
/* End PBXFrameworksBuildPhase section */

/* Begin PBXGroup section */
		0FFEDA3A34CF6485D9F6D5D0 /* Pods */ = {
			isa = PBXGroup;
			children = (
				2454BADC3A497F35301A361B /* Pods-OfficeChat.debug.xcconfig */,
				CAECCEC6A1CCDFE12A80DAB6 /* Pods-OfficeChat.development.xcconfig */,
				125B726E6E498C7779DEC705 /* Pods-OfficeChat.release.xcconfig */,
				8C725D9BC3BBB3113D3C6A37 /* Pods-OfficeChat.production.xcconfig */,
				63183BEF6B139C3C217B1705 /* Pods-OfficeChat-OfficeChatTests.debug.xcconfig */,
				414C15D9E28DF0FE7843C789 /* Pods-OfficeChat-OfficeChatTests.development.xcconfig */,
				34BA4D63AE81DBD5E59C63AD /* Pods-OfficeChat-OfficeChatTests.release.xcconfig */,
				5C210F121954DAF90BB29E1D /* Pods-OfficeChat-OfficeChatTests.production.xcconfig */,
				8B2AC807FA75E79370C56BE8 /* Pods-OfficeChatTests.debug.xcconfig */,
				9C6934039DEB7DE9F00914F9 /* Pods-OfficeChatTests.development.xcconfig */,
				6AE75AB2A5431C30A2F38946 /* Pods-OfficeChatTests.release.xcconfig */,
				41C0869520E4B30C65530905 /* Pods-OfficeChatTests.production.xcconfig */,
			);
			name = Pods;
			sourceTree = "<group>";
		};
		138CE4C621B7FBB20033CC05 = {
			isa = PBXGroup;
			children = (
				13DA537E21C533C300395772 /* Podfile.lock */,
				138CE50021B80AFC0033CC05 /* ReadME.md */,
				138CE4D121B7FBB20033CC05 /* OfficeChat */,
				138CE4E621B7FBB40033CC05 /* OfficeChatTests */,
				138CE4F121B7FBB40033CC05 /* OfficeChatUITests */,
				138CE4D021B7FBB20033CC05 /* Products */,
				0FFEDA3A34CF6485D9F6D5D0 /* Pods */,
				E768487703F222DFB2C16093 /* Frameworks */,
			);
			sourceTree = "<group>";
		};
		138CE4D021B7FBB20033CC05 /* Products */ = {
			isa = PBXGroup;
			children = (
				138CE4CF21B7FBB20033CC05 /* OfficeChat.app */,
				138CE4E321B7FBB40033CC05 /* OfficeChatTests.xctest */,
				138CE4EE21B7FBB40033CC05 /* OfficeChatUITests.xctest */,
			);
			name = Products;
			sourceTree = "<group>";
		};
		138CE4D121B7FBB20033CC05 /* OfficeChat */ = {
			isa = PBXGroup;
			children = (
				13AC767E21C12DF1007AE87C /* Coordinators */,
				13E469D921BD81D400BB8D18 /* Utility */,
				13E469D621BD744800BB8D18 /* Extensions */,
				13E469D321BD341200BB8D18 /* OfficeChat.entitlements */,
				13E469D121BD302800BB8D18 /* GoogleService-Info.plist */,
				13E469CB21BD1B6500BB8D18 /* Screens */,
				13E469C821BD1B1A00BB8D18 /* Models */,
				138CE4D221B7FBB20033CC05 /* AppDelegate.swift */,
				138CE4D621B7FBB20033CC05 /* Main.storyboard */,
				138CE4D921B7FBB30033CC05 /* Assets.xcassets */,
				138CE4DB21B7FBB30033CC05 /* LaunchScreen.storyboard */,
				138CE4DE21B7FBB30033CC05 /* Info.plist */,
			);
			path = OfficeChat;
			sourceTree = "<group>";
		};
		138CE4E621B7FBB40033CC05 /* OfficeChatTests */ = {
			isa = PBXGroup;
			children = (
				138CE4E721B7FBB40033CC05 /* OfficeChatTests.swift */,
				138CE4E921B7FBB40033CC05 /* Info.plist */,
			);
			path = OfficeChatTests;
			sourceTree = "<group>";
		};
		138CE4F121B7FBB40033CC05 /* OfficeChatUITests */ = {
			isa = PBXGroup;
			children = (
				138CE4F221B7FBB40033CC05 /* OfficeChatUITests.swift */,
				138CE4F421B7FBB40033CC05 /* Info.plist */,
			);
			path = OfficeChatUITests;
			sourceTree = "<group>";
		};
		13AC767E21C12DF1007AE87C /* Coordinators */ = {
			isa = PBXGroup;
			children = (
				13AC767F21C12E0F007AE87C /* Coordinator.swift */,
				13AC768121C12E43007AE87C /* AppCoordinator.swift */,
				13AC768321C13096007AE87C /* AuthenticationCoordinator.swift */,
				13AC768521C130F5007AE87C /* MainScreenCoordinator.swift */,
				133F60A021C651FD0088603C /* ProfileCoordinator.swift */,
			);
			path = Coordinators;
			sourceTree = "<group>";
		};
		13DA538421C579EC00395772 /* Settings */ = {
			isa = PBXGroup;
			children = (
				13DA538B21C5857700395772 /* SettingsViewController.swift */,
				13DA538D21C5859500395772 /* SettingsViewModel.swift */,
				133F60A221C676C80088603C /* SettingsViewModelDelegate.swift */,
			);
			path = Settings;
			sourceTree = "<group>";
		};
		13DA538521C57A1100395772 /* Profile */ = {
			isa = PBXGroup;
			children = (
				13DA538921C5855B00395772 /* ProfileViewController.swift */,
				13DA538F21C585B400395772 /* ProfileViewModel.swift */,
			);
			path = Profile;
			sourceTree = "<group>";
		};
		13DA538621C5849500395772 /* MainTabBar */ = {
			isa = PBXGroup;
			children = (
				13DA538721C584D300395772 /* MainTabBarController.swift */,
			);
			path = MainTabBar;
			sourceTree = "<group>";
		};
		13E469C821BD1B1A00BB8D18 /* Models */ = {
			isa = PBXGroup;
			children = (
				13AC767421BFC48E007AE87C /* Channel.swift */,
				13AC767C21C129A2007AE87C /* Message.swift */,
				13DA538221C5765F00395772 /* ImageMedia.swift */,
			);
			path = Models;
			sourceTree = "<group>";
		};
		13E469CB21BD1B6500BB8D18 /* Screens */ = {
			isa = PBXGroup;
			children = (
				13DA538621C5849500395772 /* MainTabBar */,
				13DA538521C57A1100395772 /* Profile */,
				13DA538421C579EC00395772 /* Settings */,
				13E469CE21BD1B9900BB8D18 /* ChatList */,
				13E469CD21BD1B8D00BB8D18 /* Chat */,
				13E469CC21BD1B7B00BB8D18 /* Login */,
			);
			path = Screens;
			sourceTree = "<group>";
		};
		13E469CC21BD1B7B00BB8D18 /* Login */ = {
			isa = PBXGroup;
			children = (
				13E469CF21BD21AB00BB8D18 /* LoginViewController.swift */,
				13E469D421BD56F200BB8D18 /* LoginViewModel.swift */,
			);
			path = Login;
			sourceTree = "<group>";
		};
		13E469CD21BD1B8D00BB8D18 /* Chat */ = {
			isa = PBXGroup;
			children = (
				13AC767821C128BE007AE87C /* ChatViewController.swift */,
				13AC767A21C12928007AE87C /* ChatViewModel.swift */,
				13AC768A21C50066007AE87C /* ChatViewDelegate.swift */,
			);
			path = Chat;
			sourceTree = "<group>";
		};
		13E469CE21BD1B9900BB8D18 /* ChatList */ = {
			isa = PBXGroup;
			children = (
				13E469DF21BD95E600BB8D18 /* ChatListViewController.swift */,
				13E469E121BD963500BB8D18 /* ChatListViewModel.swift */,
				13AC767621BFD813007AE87C /* ChatListDelegate.swift */,
			);
			path = ChatList;
			sourceTree = "<group>";
		};
		13E469D621BD744800BB8D18 /* Extensions */ = {
			isa = PBXGroup;
			children = (
				13E469D721BD748200BB8D18 /* UIViewController+Extensions.swift */,
				13AC768821C4FBC9007AE87C /* UIColor+Extensions.swift */,
				13AC768C21C5031E007AE87C /* UIScrollView+Extensions.swift */,
				13DA538021C5397500395772 /* UImage+Extensions.swift */,
			);
			path = Extensions;
			sourceTree = "<group>";
		};
		13E469D921BD81D400BB8D18 /* Utility */ = {
			isa = PBXGroup;
			children = (
				13E469DA21BD81E900BB8D18 /* Result.swift */,
				13AC768E21C51595007AE87C /* JSONRepresentation.swift */,
			);
			path = Utility;
			sourceTree = "<group>";
		};
		E768487703F222DFB2C16093 /* Frameworks */ = {
			isa = PBXGroup;
			children = (
				213D3BE80C9E72270D174C22 /* Pods_OfficeChat.framework */,
				C876500F9CDA701D6A3ED23D /* Pods_OfficeChat_OfficeChatTests.framework */,
				FC852746AEED7BE34CD652AD /* Pods_OfficeChatTests.framework */,
			);
			name = Frameworks;
			sourceTree = "<group>";
		};
/* End PBXGroup section */

/* Begin PBXNativeTarget section */
		138CE4CE21B7FBB20033CC05 /* OfficeChat */ = {
			isa = PBXNativeTarget;
			buildConfigurationList = 138CE4F721B7FBB40033CC05 /* Build configuration list for PBXNativeTarget "OfficeChat" */;
			buildPhases = (
				D4E1095243AFD162951FD164 /* [CP] Check Pods Manifest.lock */,
				138CE4CB21B7FBB20033CC05 /* Sources */,
				138CE4CC21B7FBB20033CC05 /* Frameworks */,
				138CE4CD21B7FBB20033CC05 /* Resources */,
				1327999D21B93C370039977C /* ShellScript */,
				3967CDD9830AA199E10516C2 /* [CP] Embed Pods Frameworks */,
				0EA928FB9D3B299510A5CF5B /* [CP] Copy Pods Resources */,
			);
			buildRules = (
			);
			dependencies = (
			);
			name = OfficeChat;
			productName = OfficeChat;
			productReference = 138CE4CF21B7FBB20033CC05 /* OfficeChat.app */;
			productType = "com.apple.product-type.application";
		};
		138CE4E221B7FBB40033CC05 /* OfficeChatTests */ = {
			isa = PBXNativeTarget;
			buildConfigurationList = 138CE4FA21B7FBB40033CC05 /* Build configuration list for PBXNativeTarget "OfficeChatTests" */;
			buildPhases = (
				60FF2A6C9904F0634FADA05C /* [CP] Check Pods Manifest.lock */,
				138CE4DF21B7FBB40033CC05 /* Sources */,
				138CE4E021B7FBB40033CC05 /* Frameworks */,
				138CE4E121B7FBB40033CC05 /* Resources */,
				4B66E34B29429B2A36607CAA /* [CP] Embed Pods Frameworks */,
			);
			buildRules = (
			);
			dependencies = (
				138CE4E521B7FBB40033CC05 /* PBXTargetDependency */,
			);
			name = OfficeChatTests;
			productName = OfficeChatTests;
			productReference = 138CE4E321B7FBB40033CC05 /* OfficeChatTests.xctest */;
			productType = "com.apple.product-type.bundle.unit-test";
		};
		138CE4ED21B7FBB40033CC05 /* OfficeChatUITests */ = {
			isa = PBXNativeTarget;
			buildConfigurationList = 138CE4FD21B7FBB40033CC05 /* Build configuration list for PBXNativeTarget "OfficeChatUITests" */;
			buildPhases = (
				138CE4EA21B7FBB40033CC05 /* Sources */,
				138CE4EB21B7FBB40033CC05 /* Frameworks */,
				138CE4EC21B7FBB40033CC05 /* Resources */,
			);
			buildRules = (
			);
			dependencies = (
				138CE4F021B7FBB40033CC05 /* PBXTargetDependency */,
			);
			name = OfficeChatUITests;
			productName = OfficeChatUITests;
			productReference = 138CE4EE21B7FBB40033CC05 /* OfficeChatUITests.xctest */;
			productType = "com.apple.product-type.bundle.ui-testing";
		};
/* End PBXNativeTarget section */

/* Begin PBXProject section */
		138CE4C721B7FBB20033CC05 /* Project object */ = {
			isa = PBXProject;
			attributes = {
				LastSwiftUpdateCheck = 1010;
				LastUpgradeCheck = 1010;
				ORGANIZATIONNAME = "Paul Nyondo";
				TargetAttributes = {
					138CE4CE21B7FBB20033CC05 = {
						CreatedOnToolsVersion = 10.1;
						SystemCapabilities = {
							com.apple.Keychain = {
								enabled = 1;
							};
						};
					};
					138CE4E221B7FBB40033CC05 = {
						CreatedOnToolsVersion = 10.1;
						TestTargetID = 138CE4CE21B7FBB20033CC05;
					};
					138CE4ED21B7FBB40033CC05 = {
						CreatedOnToolsVersion = 10.1;
						TestTargetID = 138CE4CE21B7FBB20033CC05;
					};
				};
			};
			buildConfigurationList = 138CE4CA21B7FBB20033CC05 /* Build configuration list for PBXProject "OfficeChat" */;
			compatibilityVersion = "Xcode 9.3";
			developmentRegion = en;
			hasScannedForEncodings = 0;
			knownRegions = (
				en,
				Base,
			);
			mainGroup = 138CE4C621B7FBB20033CC05;
			productRefGroup = 138CE4D021B7FBB20033CC05 /* Products */;
			projectDirPath = "";
			projectRoot = "";
			targets = (
				138CE4CE21B7FBB20033CC05 /* OfficeChat */,
				138CE4E221B7FBB40033CC05 /* OfficeChatTests */,
				138CE4ED21B7FBB40033CC05 /* OfficeChatUITests */,
			);
		};
/* End PBXProject section */

/* Begin PBXResourcesBuildPhase section */
		138CE4CD21B7FBB20033CC05 /* Resources */ = {
			isa = PBXResourcesBuildPhase;
			buildActionMask = 2147483647;
			files = (
				13DA537F21C533C300395772 /* Podfile.lock in Resources */,
				138CE4DD21B7FBB30033CC05 /* LaunchScreen.storyboard in Resources */,
				138CE4DA21B7FBB30033CC05 /* Assets.xcassets in Resources */,
				13E469D221BD302800BB8D18 /* GoogleService-Info.plist in Resources */,
				138CE50121B80AFC0033CC05 /* ReadME.md in Resources */,
				138CE4D821B7FBB20033CC05 /* Main.storyboard in Resources */,
			);
			runOnlyForDeploymentPostprocessing = 0;
		};
		138CE4E121B7FBB40033CC05 /* Resources */ = {
			isa = PBXResourcesBuildPhase;
			buildActionMask = 2147483647;
			files = (
			);
			runOnlyForDeploymentPostprocessing = 0;
		};
		138CE4EC21B7FBB40033CC05 /* Resources */ = {
			isa = PBXResourcesBuildPhase;
			buildActionMask = 2147483647;
			files = (
			);
			runOnlyForDeploymentPostprocessing = 0;
		};
/* End PBXResourcesBuildPhase section */

/* Begin PBXShellScriptBuildPhase section */
		0EA928FB9D3B299510A5CF5B /* [CP] Copy Pods Resources */ = {
			isa = PBXShellScriptBuildPhase;
			buildActionMask = 2147483647;
			files = (
			);
			inputFileListPaths = (
			);
			inputPaths = (
				"${SRCROOT}/Pods/Target Support Files/Pods-OfficeChat/Pods-OfficeChat-resources.sh",
				"${PODS_CONFIGURATION_BUILD_DIR}/FirebaseFirestore/gRPCCertificates.bundle",
			);
			name = "[CP] Copy Pods Resources";
			outputFileListPaths = (
			);
			outputPaths = (
				"${TARGET_BUILD_DIR}/${UNLOCALIZED_RESOURCES_FOLDER_PATH}/gRPCCertificates.bundle",
			);
			runOnlyForDeploymentPostprocessing = 0;
			shellPath = /bin/sh;
			shellScript = "\"${SRCROOT}/Pods/Target Support Files/Pods-OfficeChat/Pods-OfficeChat-resources.sh\"\n";
			showEnvVarsInLog = 0;
		};
		1327999D21B93C370039977C /* ShellScript */ = {
			isa = PBXShellScriptBuildPhase;
			buildActionMask = 2147483647;
			files = (
			);
			inputFileListPaths = (
			);
			inputPaths = (
			);
			outputFileListPaths = (
			);
			outputPaths = (
			);
			runOnlyForDeploymentPostprocessing = 0;
			shellPath = /bin/sh;
			shellScript = "if which swiftlint >/dev/null; then\nswiftlint\nelse\necho \"warning: SwiftLint not installed, download from https://github.com/realm/SwiftLint\"\nfi\n";
		};
		3967CDD9830AA199E10516C2 /* [CP] Embed Pods Frameworks */ = {
			isa = PBXShellScriptBuildPhase;
			buildActionMask = 2147483647;
			files = (
			);
			inputFileListPaths = (
			);
			inputPaths = (
				"${SRCROOT}/Pods/Target Support Files/Pods-OfficeChat/Pods-OfficeChat-frameworks.sh",
				"${BUILT_PRODUCTS_DIR}/BoringSSL/openssl.framework",
				"${BUILT_PRODUCTS_DIR}/GTMSessionFetcher/GTMSessionFetcher.framework",
				"${BUILT_PRODUCTS_DIR}/GoogleUtilities/GoogleUtilities.framework",
				"${BUILT_PRODUCTS_DIR}/MessageInputBar/MessageInputBar.framework",
				"${BUILT_PRODUCTS_DIR}/MessageKit/MessageKit.framework",
				"${BUILT_PRODUCTS_DIR}/Protobuf/Protobuf.framework",
				"${BUILT_PRODUCTS_DIR}/gRPC-C++/grpcpp.framework",
				"${BUILT_PRODUCTS_DIR}/gRPC-Core/grpc.framework",
				"${BUILT_PRODUCTS_DIR}/leveldb-library/leveldb.framework",
				"${BUILT_PRODUCTS_DIR}/nanopb/nanopb.framework",
			);
			name = "[CP] Embed Pods Frameworks";
			outputFileListPaths = (
			);
			outputPaths = (
				"${TARGET_BUILD_DIR}/${FRAMEWORKS_FOLDER_PATH}/openssl.framework",
				"${TARGET_BUILD_DIR}/${FRAMEWORKS_FOLDER_PATH}/GTMSessionFetcher.framework",
				"${TARGET_BUILD_DIR}/${FRAMEWORKS_FOLDER_PATH}/GoogleUtilities.framework",
				"${TARGET_BUILD_DIR}/${FRAMEWORKS_FOLDER_PATH}/MessageInputBar.framework",
				"${TARGET_BUILD_DIR}/${FRAMEWORKS_FOLDER_PATH}/MessageKit.framework",
				"${TARGET_BUILD_DIR}/${FRAMEWORKS_FOLDER_PATH}/Protobuf.framework",
				"${TARGET_BUILD_DIR}/${FRAMEWORKS_FOLDER_PATH}/grpcpp.framework",
				"${TARGET_BUILD_DIR}/${FRAMEWORKS_FOLDER_PATH}/grpc.framework",
				"${TARGET_BUILD_DIR}/${FRAMEWORKS_FOLDER_PATH}/leveldb.framework",
				"${TARGET_BUILD_DIR}/${FRAMEWORKS_FOLDER_PATH}/nanopb.framework",
			);
			runOnlyForDeploymentPostprocessing = 0;
			shellPath = /bin/sh;
			shellScript = "\"${SRCROOT}/Pods/Target Support Files/Pods-OfficeChat/Pods-OfficeChat-frameworks.sh\"\n";
			showEnvVarsInLog = 0;
		};
		4B66E34B29429B2A36607CAA /* [CP] Embed Pods Frameworks */ = {
			isa = PBXShellScriptBuildPhase;
			buildActionMask = 2147483647;
			files = (
			);
			inputFileListPaths = (
			);
			inputPaths = (
				"${SRCROOT}/Pods/Target Support Files/Pods-OfficeChatTests/Pods-OfficeChatTests-frameworks.sh",
				"${BUILT_PRODUCTS_DIR}/Nimble/Nimble.framework",
				"${BUILT_PRODUCTS_DIR}/Quick/Quick.framework",
			);
			name = "[CP] Embed Pods Frameworks";
			outputFileListPaths = (
			);
			outputPaths = (
				"${TARGET_BUILD_DIR}/${FRAMEWORKS_FOLDER_PATH}/Nimble.framework",
				"${TARGET_BUILD_DIR}/${FRAMEWORKS_FOLDER_PATH}/Quick.framework",
			);
			runOnlyForDeploymentPostprocessing = 0;
			shellPath = /bin/sh;
			shellScript = "\"${SRCROOT}/Pods/Target Support Files/Pods-OfficeChatTests/Pods-OfficeChatTests-frameworks.sh\"\n";
			showEnvVarsInLog = 0;
		};
		60FF2A6C9904F0634FADA05C /* [CP] Check Pods Manifest.lock */ = {
			isa = PBXShellScriptBuildPhase;
			buildActionMask = 2147483647;
			files = (
			);
			inputFileListPaths = (
			);
			inputPaths = (
				"${PODS_PODFILE_DIR_PATH}/Podfile.lock",
				"${PODS_ROOT}/Manifest.lock",
			);
			name = "[CP] Check Pods Manifest.lock";
			outputFileListPaths = (
			);
			outputPaths = (
				"$(DERIVED_FILE_DIR)/Pods-OfficeChatTests-checkManifestLockResult.txt",
			);
			runOnlyForDeploymentPostprocessing = 0;
			shellPath = /bin/sh;
			shellScript = "diff \"${PODS_PODFILE_DIR_PATH}/Podfile.lock\" \"${PODS_ROOT}/Manifest.lock\" > /dev/null\nif [ $? != 0 ] ; then\n    # print error to STDERR\n    echo \"error: The sandbox is not in sync with the Podfile.lock. Run 'pod install' or update your CocoaPods installation.\" >&2\n    exit 1\nfi\n# This output is used by Xcode 'outputs' to avoid re-running this script phase.\necho \"SUCCESS\" > \"${SCRIPT_OUTPUT_FILE_0}\"\n";
			showEnvVarsInLog = 0;
		};
		D4E1095243AFD162951FD164 /* [CP] Check Pods Manifest.lock */ = {
			isa = PBXShellScriptBuildPhase;
			buildActionMask = 2147483647;
			files = (
			);
			inputFileListPaths = (
			);
			inputPaths = (
				"${PODS_PODFILE_DIR_PATH}/Podfile.lock",
				"${PODS_ROOT}/Manifest.lock",
			);
			name = "[CP] Check Pods Manifest.lock";
			outputFileListPaths = (
			);
			outputPaths = (
				"$(DERIVED_FILE_DIR)/Pods-OfficeChat-checkManifestLockResult.txt",
			);
			runOnlyForDeploymentPostprocessing = 0;
			shellPath = /bin/sh;
			shellScript = "diff \"${PODS_PODFILE_DIR_PATH}/Podfile.lock\" \"${PODS_ROOT}/Manifest.lock\" > /dev/null\nif [ $? != 0 ] ; then\n    # print error to STDERR\n    echo \"error: The sandbox is not in sync with the Podfile.lock. Run 'pod install' or update your CocoaPods installation.\" >&2\n    exit 1\nfi\n# This output is used by Xcode 'outputs' to avoid re-running this script phase.\necho \"SUCCESS\" > \"${SCRIPT_OUTPUT_FILE_0}\"\n";
			showEnvVarsInLog = 0;
		};
/* End PBXShellScriptBuildPhase section */

/* Begin PBXSourcesBuildPhase section */
		138CE4CB21B7FBB20033CC05 /* Sources */ = {
			isa = PBXSourcesBuildPhase;
			buildActionMask = 2147483647;
			files = (
				133F60A321C676C80088603C /* SettingsViewModelDelegate.swift in Sources */,
				13DA538321C5765F00395772 /* ImageMedia.swift in Sources */,
				13AC768F21C51595007AE87C /* JSONRepresentation.swift in Sources */,
				13DA538121C5397500395772 /* UImage+Extensions.swift in Sources */,
				13DA539021C585B400395772 /* ProfileViewModel.swift in Sources */,
				13E469E021BD95E600BB8D18 /* ChatListViewController.swift in Sources */,
				13AC767521BFC48E007AE87C /* Channel.swift in Sources */,
				13AC768021C12E0F007AE87C /* Coordinator.swift in Sources */,
				13DA538A21C5855B00395772 /* ProfileViewController.swift in Sources */,
				133F60A121C651FD0088603C /* ProfileCoordinator.swift in Sources */,
				13DA538821C584D300395772 /* MainTabBarController.swift in Sources */,
				13DA538C21C5857700395772 /* SettingsViewController.swift in Sources */,
				13E469D821BD748200BB8D18 /* UIViewController+Extensions.swift in Sources */,
				13AC768221C12E43007AE87C /* AppCoordinator.swift in Sources */,
				13AC768B21C50066007AE87C /* ChatViewDelegate.swift in Sources */,
				13AC767721BFD813007AE87C /* ChatListDelegate.swift in Sources */,
				13AC768421C13096007AE87C /* AuthenticationCoordinator.swift in Sources */,
				13E469DB21BD81E900BB8D18 /* Result.swift in Sources */,
				13E469D021BD21AB00BB8D18 /* LoginViewController.swift in Sources */,
				13E469E221BD963500BB8D18 /* ChatListViewModel.swift in Sources */,
				13E469D521BD56F200BB8D18 /* LoginViewModel.swift in Sources */,
				13AC767921C128BE007AE87C /* ChatViewController.swift in Sources */,
				13AC767D21C129A2007AE87C /* Message.swift in Sources */,
				13AC767B21C12928007AE87C /* ChatViewModel.swift in Sources */,
				13DA538E21C5859500395772 /* SettingsViewModel.swift in Sources */,
				138CE4D321B7FBB20033CC05 /* AppDelegate.swift in Sources */,
				13AC768921C4FBC9007AE87C /* UIColor+Extensions.swift in Sources */,
				13AC768621C130F5007AE87C /* MainScreenCoordinator.swift in Sources */,
				13AC768D21C5031E007AE87C /* UIScrollView+Extensions.swift in Sources */,
			);
			runOnlyForDeploymentPostprocessing = 0;
		};
		138CE4DF21B7FBB40033CC05 /* Sources */ = {
			isa = PBXSourcesBuildPhase;
			buildActionMask = 2147483647;
			files = (
				138CE4E821B7FBB40033CC05 /* OfficeChatTests.swift in Sources */,
			);
			runOnlyForDeploymentPostprocessing = 0;
		};
		138CE4EA21B7FBB40033CC05 /* Sources */ = {
			isa = PBXSourcesBuildPhase;
			buildActionMask = 2147483647;
			files = (
				138CE4F321B7FBB40033CC05 /* OfficeChatUITests.swift in Sources */,
			);
			runOnlyForDeploymentPostprocessing = 0;
		};
/* End PBXSourcesBuildPhase section */

/* Begin PBXTargetDependency section */
		138CE4E521B7FBB40033CC05 /* PBXTargetDependency */ = {
			isa = PBXTargetDependency;
			target = 138CE4CE21B7FBB20033CC05 /* OfficeChat */;
			targetProxy = 138CE4E421B7FBB40033CC05 /* PBXContainerItemProxy */;
		};
		138CE4F021B7FBB40033CC05 /* PBXTargetDependency */ = {
			isa = PBXTargetDependency;
			target = 138CE4CE21B7FBB20033CC05 /* OfficeChat */;
			targetProxy = 138CE4EF21B7FBB40033CC05 /* PBXContainerItemProxy */;
		};
/* End PBXTargetDependency section */

/* Begin PBXVariantGroup section */
		138CE4D621B7FBB20033CC05 /* Main.storyboard */ = {
			isa = PBXVariantGroup;
			children = (
				138CE4D721B7FBB20033CC05 /* Base */,
			);
			name = Main.storyboard;
			sourceTree = "<group>";
		};
		138CE4DB21B7FBB30033CC05 /* LaunchScreen.storyboard */ = {
			isa = PBXVariantGroup;
			children = (
				138CE4DC21B7FBB30033CC05 /* Base */,
			);
			name = LaunchScreen.storyboard;
			sourceTree = "<group>";
		};
/* End PBXVariantGroup section */

/* Begin XCBuildConfiguration section */
		138CE4F521B7FBB40033CC05 /* Debug */ = {
			isa = XCBuildConfiguration;
			buildSettings = {
				ALWAYS_SEARCH_USER_PATHS = NO;
				CLANG_ANALYZER_NONNULL = YES;
				CLANG_ANALYZER_NUMBER_OBJECT_CONVERSION = YES_AGGRESSIVE;
				CLANG_CXX_LANGUAGE_STANDARD = "gnu++14";
				CLANG_CXX_LIBRARY = "libc++";
				CLANG_ENABLE_MODULES = YES;
				CLANG_ENABLE_OBJC_ARC = YES;
				CLANG_ENABLE_OBJC_WEAK = YES;
				CLANG_WARN_BLOCK_CAPTURE_AUTORELEASING = YES;
				CLANG_WARN_BOOL_CONVERSION = YES;
				CLANG_WARN_COMMA = YES;
				CLANG_WARN_CONSTANT_CONVERSION = YES;
				CLANG_WARN_DEPRECATED_OBJC_IMPLEMENTATIONS = YES;
				CLANG_WARN_DIRECT_OBJC_ISA_USAGE = YES_ERROR;
				CLANG_WARN_DOCUMENTATION_COMMENTS = YES;
				CLANG_WARN_EMPTY_BODY = YES;
				CLANG_WARN_ENUM_CONVERSION = YES;
				CLANG_WARN_INFINITE_RECURSION = YES;
				CLANG_WARN_INT_CONVERSION = YES;
				CLANG_WARN_NON_LITERAL_NULL_CONVERSION = YES;
				CLANG_WARN_OBJC_IMPLICIT_RETAIN_SELF = YES;
				CLANG_WARN_OBJC_LITERAL_CONVERSION = YES;
				CLANG_WARN_OBJC_ROOT_CLASS = YES_ERROR;
				CLANG_WARN_RANGE_LOOP_ANALYSIS = YES;
				CLANG_WARN_STRICT_PROTOTYPES = YES;
				CLANG_WARN_SUSPICIOUS_MOVE = YES;
				CLANG_WARN_UNGUARDED_AVAILABILITY = YES_AGGRESSIVE;
				CLANG_WARN_UNREACHABLE_CODE = YES;
				CLANG_WARN__DUPLICATE_METHOD_MATCH = YES;
				CODE_SIGN_IDENTITY = "iPhone Developer";
				COPY_PHASE_STRIP = NO;
				DEBUG_INFORMATION_FORMAT = dwarf;
				ENABLE_STRICT_OBJC_MSGSEND = YES;
				ENABLE_TESTABILITY = YES;
				GCC_C_LANGUAGE_STANDARD = gnu11;
				GCC_DYNAMIC_NO_PIC = NO;
				GCC_NO_COMMON_BLOCKS = YES;
				GCC_OPTIMIZATION_LEVEL = 0;
				GCC_PREPROCESSOR_DEFINITIONS = (
					"DEBUG=1",
					"$(inherited)",
				);
				GCC_WARN_64_TO_32_BIT_CONVERSION = YES;
				GCC_WARN_ABOUT_RETURN_TYPE = YES_ERROR;
				GCC_WARN_UNDECLARED_SELECTOR = YES;
				GCC_WARN_UNINITIALIZED_AUTOS = YES_AGGRESSIVE;
				GCC_WARN_UNUSED_FUNCTION = YES;
				GCC_WARN_UNUSED_VARIABLE = YES;
				IPHONEOS_DEPLOYMENT_TARGET = 12.1;
				MTL_ENABLE_DEBUG_INFO = INCLUDE_SOURCE;
				MTL_FAST_MATH = YES;
				ONLY_ACTIVE_ARCH = YES;
				SDKROOT = iphoneos;
				SWIFT_ACTIVE_COMPILATION_CONDITIONS = DEBUG;
				SWIFT_OPTIMIZATION_LEVEL = "-Onone";
			};
			name = Debug;
		};
		138CE4F621B7FBB40033CC05 /* Release */ = {
			isa = XCBuildConfiguration;
			buildSettings = {
				ALWAYS_SEARCH_USER_PATHS = NO;
				CLANG_ANALYZER_NONNULL = YES;
				CLANG_ANALYZER_NUMBER_OBJECT_CONVERSION = YES_AGGRESSIVE;
				CLANG_CXX_LANGUAGE_STANDARD = "gnu++14";
				CLANG_CXX_LIBRARY = "libc++";
				CLANG_ENABLE_MODULES = YES;
				CLANG_ENABLE_OBJC_ARC = YES;
				CLANG_ENABLE_OBJC_WEAK = YES;
				CLANG_WARN_BLOCK_CAPTURE_AUTORELEASING = YES;
				CLANG_WARN_BOOL_CONVERSION = YES;
				CLANG_WARN_COMMA = YES;
				CLANG_WARN_CONSTANT_CONVERSION = YES;
				CLANG_WARN_DEPRECATED_OBJC_IMPLEMENTATIONS = YES;
				CLANG_WARN_DIRECT_OBJC_ISA_USAGE = YES_ERROR;
				CLANG_WARN_DOCUMENTATION_COMMENTS = YES;
				CLANG_WARN_EMPTY_BODY = YES;
				CLANG_WARN_ENUM_CONVERSION = YES;
				CLANG_WARN_INFINITE_RECURSION = YES;
				CLANG_WARN_INT_CONVERSION = YES;
				CLANG_WARN_NON_LITERAL_NULL_CONVERSION = YES;
				CLANG_WARN_OBJC_IMPLICIT_RETAIN_SELF = YES;
				CLANG_WARN_OBJC_LITERAL_CONVERSION = YES;
				CLANG_WARN_OBJC_ROOT_CLASS = YES_ERROR;
				CLANG_WARN_RANGE_LOOP_ANALYSIS = YES;
				CLANG_WARN_STRICT_PROTOTYPES = YES;
				CLANG_WARN_SUSPICIOUS_MOVE = YES;
				CLANG_WARN_UNGUARDED_AVAILABILITY = YES_AGGRESSIVE;
				CLANG_WARN_UNREACHABLE_CODE = YES;
				CLANG_WARN__DUPLICATE_METHOD_MATCH = YES;
				CODE_SIGN_IDENTITY = "iPhone Developer";
				COPY_PHASE_STRIP = NO;
				DEBUG_INFORMATION_FORMAT = "dwarf-with-dsym";
				ENABLE_NS_ASSERTIONS = NO;
				ENABLE_STRICT_OBJC_MSGSEND = YES;
				GCC_C_LANGUAGE_STANDARD = gnu11;
				GCC_NO_COMMON_BLOCKS = YES;
				GCC_WARN_64_TO_32_BIT_CONVERSION = YES;
				GCC_WARN_ABOUT_RETURN_TYPE = YES_ERROR;
				GCC_WARN_UNDECLARED_SELECTOR = YES;
				GCC_WARN_UNINITIALIZED_AUTOS = YES_AGGRESSIVE;
				GCC_WARN_UNUSED_FUNCTION = YES;
				GCC_WARN_UNUSED_VARIABLE = YES;
				IPHONEOS_DEPLOYMENT_TARGET = 12.1;
				MTL_ENABLE_DEBUG_INFO = NO;
				MTL_FAST_MATH = YES;
				SDKROOT = iphoneos;
				SWIFT_COMPILATION_MODE = wholemodule;
				SWIFT_OPTIMIZATION_LEVEL = "-O";
				VALIDATE_PRODUCT = YES;
			};
			name = Release;
		};
		138CE4F821B7FBB40033CC05 /* Debug */ = {
			isa = XCBuildConfiguration;
			baseConfigurationReference = 2454BADC3A497F35301A361B /* Pods-OfficeChat.debug.xcconfig */;
			buildSettings = {
				ASSETCATALOG_COMPILER_APPICON_NAME = AppIcon;
				CODE_SIGN_ENTITLEMENTS = OfficeChat/OfficeChat.entitlements;
				CODE_SIGN_STYLE = Automatic;
				DEVELOPMENT_TEAM = ZAU58TE88U;
				INFOPLIST_FILE = OfficeChat/Info.plist;
				LD_RUNPATH_SEARCH_PATHS = (
					"$(inherited)",
					"@executable_path/Frameworks",
				);
				PRODUCT_BUNDLE_IDENTIFIER = com.nyondo.OfficeChat;
				PRODUCT_NAME = "$(TARGET_NAME)";
				SWIFT_VERSION = 4.2;
				TARGETED_DEVICE_FAMILY = 1;
			};
			name = Debug;
		};
		138CE4F921B7FBB40033CC05 /* Release */ = {
			isa = XCBuildConfiguration;
			baseConfigurationReference = 125B726E6E498C7779DEC705 /* Pods-OfficeChat.release.xcconfig */;
			buildSettings = {
				ASSETCATALOG_COMPILER_APPICON_NAME = AppIcon;
				CODE_SIGN_ENTITLEMENTS = OfficeChat/OfficeChat.entitlements;
				CODE_SIGN_STYLE = Automatic;
				DEVELOPMENT_TEAM = ZAU58TE88U;
				INFOPLIST_FILE = OfficeChat/Info.plist;
				LD_RUNPATH_SEARCH_PATHS = (
					"$(inherited)",
					"@executable_path/Frameworks",
				);
				PRODUCT_BUNDLE_IDENTIFIER = com.nyondo.OfficeChat;
				PRODUCT_NAME = "$(TARGET_NAME)";
				SWIFT_VERSION = 4.2;
				TARGETED_DEVICE_FAMILY = 1;
			};
			name = Release;
		};
		138CE4FB21B7FBB40033CC05 /* Debug */ = {
			isa = XCBuildConfiguration;
			baseConfigurationReference = 8B2AC807FA75E79370C56BE8 /* Pods-OfficeChatTests.debug.xcconfig */;
			buildSettings = {
				ALWAYS_EMBED_SWIFT_STANDARD_LIBRARIES = YES;
				BUNDLE_LOADER = "$(TEST_HOST)";
				CODE_SIGN_STYLE = Automatic;
				DEVELOPMENT_TEAM = ZAU58TE88U;
				INFOPLIST_FILE = OfficeChatTests/Info.plist;
				LD_RUNPATH_SEARCH_PATHS = (
					"$(inherited)",
					"@executable_path/Frameworks",
					"@loader_path/Frameworks",
				);
				PRODUCT_BUNDLE_IDENTIFIER = com.nyondo.OfficeChatTests;
				PRODUCT_NAME = "$(TARGET_NAME)";
				SWIFT_VERSION = 4.2;
				TARGETED_DEVICE_FAMILY = "1,2";
				TEST_HOST = "$(BUILT_PRODUCTS_DIR)/OfficeChat.app/OfficeChat";
			};
			name = Debug;
		};
		138CE4FC21B7FBB40033CC05 /* Release */ = {
			isa = XCBuildConfiguration;
			baseConfigurationReference = 6AE75AB2A5431C30A2F38946 /* Pods-OfficeChatTests.release.xcconfig */;
			buildSettings = {
				ALWAYS_EMBED_SWIFT_STANDARD_LIBRARIES = YES;
				BUNDLE_LOADER = "$(TEST_HOST)";
				CODE_SIGN_STYLE = Automatic;
				DEVELOPMENT_TEAM = ZAU58TE88U;
				INFOPLIST_FILE = OfficeChatTests/Info.plist;
				LD_RUNPATH_SEARCH_PATHS = (
					"$(inherited)",
					"@executable_path/Frameworks",
					"@loader_path/Frameworks",
				);
				PRODUCT_BUNDLE_IDENTIFIER = com.nyondo.OfficeChatTests;
				PRODUCT_NAME = "$(TARGET_NAME)";
				SWIFT_VERSION = 4.2;
				TARGETED_DEVICE_FAMILY = "1,2";
				TEST_HOST = "$(BUILT_PRODUCTS_DIR)/OfficeChat.app/OfficeChat";
			};
			name = Release;
		};
		138CE4FE21B7FBB40033CC05 /* Debug */ = {
			isa = XCBuildConfiguration;
			buildSettings = {
				ALWAYS_EMBED_SWIFT_STANDARD_LIBRARIES = YES;
				CODE_SIGN_STYLE = Automatic;
				DEVELOPMENT_TEAM = ZAU58TE88U;
				INFOPLIST_FILE = OfficeChatUITests/Info.plist;
				LD_RUNPATH_SEARCH_PATHS = (
					"$(inherited)",
					"@executable_path/Frameworks",
					"@loader_path/Frameworks",
				);
				PRODUCT_BUNDLE_IDENTIFIER = com.nyondo.OfficeChatUITests;
				PRODUCT_NAME = "$(TARGET_NAME)";
				SWIFT_VERSION = 4.2;
				TARGETED_DEVICE_FAMILY = "1,2";
				TEST_TARGET_NAME = OfficeChat;
			};
			name = Debug;
		};
		138CE4FF21B7FBB40033CC05 /* Release */ = {
			isa = XCBuildConfiguration;
			buildSettings = {
				ALWAYS_EMBED_SWIFT_STANDARD_LIBRARIES = YES;
				CODE_SIGN_STYLE = Automatic;
				DEVELOPMENT_TEAM = ZAU58TE88U;
				INFOPLIST_FILE = OfficeChatUITests/Info.plist;
				LD_RUNPATH_SEARCH_PATHS = (
					"$(inherited)",
					"@executable_path/Frameworks",
					"@loader_path/Frameworks",
				);
				PRODUCT_BUNDLE_IDENTIFIER = com.nyondo.OfficeChatUITests;
				PRODUCT_NAME = "$(TARGET_NAME)";
				SWIFT_VERSION = 4.2;
				TARGETED_DEVICE_FAMILY = "1,2";
				TEST_TARGET_NAME = OfficeChat;
			};
			name = Release;
		};
		138CE50221B81CCA0033CC05 /* Development */ = {
			isa = XCBuildConfiguration;
			buildSettings = {
				ALWAYS_SEARCH_USER_PATHS = NO;
				CLANG_ANALYZER_NONNULL = YES;
				CLANG_ANALYZER_NUMBER_OBJECT_CONVERSION = YES_AGGRESSIVE;
				CLANG_CXX_LANGUAGE_STANDARD = "gnu++14";
				CLANG_CXX_LIBRARY = "libc++";
				CLANG_ENABLE_MODULES = YES;
				CLANG_ENABLE_OBJC_ARC = YES;
				CLANG_ENABLE_OBJC_WEAK = YES;
				CLANG_WARN_BLOCK_CAPTURE_AUTORELEASING = YES;
				CLANG_WARN_BOOL_CONVERSION = YES;
				CLANG_WARN_COMMA = YES;
				CLANG_WARN_CONSTANT_CONVERSION = YES;
				CLANG_WARN_DEPRECATED_OBJC_IMPLEMENTATIONS = YES;
				CLANG_WARN_DIRECT_OBJC_ISA_USAGE = YES_ERROR;
				CLANG_WARN_DOCUMENTATION_COMMENTS = YES;
				CLANG_WARN_EMPTY_BODY = YES;
				CLANG_WARN_ENUM_CONVERSION = YES;
				CLANG_WARN_INFINITE_RECURSION = YES;
				CLANG_WARN_INT_CONVERSION = YES;
				CLANG_WARN_NON_LITERAL_NULL_CONVERSION = YES;
				CLANG_WARN_OBJC_IMPLICIT_RETAIN_SELF = YES;
				CLANG_WARN_OBJC_LITERAL_CONVERSION = YES;
				CLANG_WARN_OBJC_ROOT_CLASS = YES_ERROR;
				CLANG_WARN_RANGE_LOOP_ANALYSIS = YES;
				CLANG_WARN_STRICT_PROTOTYPES = YES;
				CLANG_WARN_SUSPICIOUS_MOVE = YES;
				CLANG_WARN_UNGUARDED_AVAILABILITY = YES_AGGRESSIVE;
				CLANG_WARN_UNREACHABLE_CODE = YES;
				CLANG_WARN__DUPLICATE_METHOD_MATCH = YES;
				CODE_SIGN_IDENTITY = "iPhone Developer";
				COPY_PHASE_STRIP = NO;
				DEBUG_INFORMATION_FORMAT = dwarf;
				ENABLE_STRICT_OBJC_MSGSEND = YES;
				ENABLE_TESTABILITY = YES;
				GCC_C_LANGUAGE_STANDARD = gnu11;
				GCC_DYNAMIC_NO_PIC = NO;
				GCC_NO_COMMON_BLOCKS = YES;
				GCC_OPTIMIZATION_LEVEL = 0;
				GCC_PREPROCESSOR_DEFINITIONS = (
					"DEBUG=1",
					"$(inherited)",
				);
				GCC_WARN_64_TO_32_BIT_CONVERSION = YES;
				GCC_WARN_ABOUT_RETURN_TYPE = YES_ERROR;
				GCC_WARN_UNDECLARED_SELECTOR = YES;
				GCC_WARN_UNINITIALIZED_AUTOS = YES_AGGRESSIVE;
				GCC_WARN_UNUSED_FUNCTION = YES;
				GCC_WARN_UNUSED_VARIABLE = YES;
				IPHONEOS_DEPLOYMENT_TARGET = 12.1;
				MTL_ENABLE_DEBUG_INFO = INCLUDE_SOURCE;
				MTL_FAST_MATH = YES;
				ONLY_ACTIVE_ARCH = YES;
				SDKROOT = iphoneos;
				SWIFT_ACTIVE_COMPILATION_CONDITIONS = DEBUG;
				SWIFT_OPTIMIZATION_LEVEL = "-Onone";
			};
			name = Development;
		};
		138CE50321B81CCA0033CC05 /* Development */ = {
			isa = XCBuildConfiguration;
			baseConfigurationReference = CAECCEC6A1CCDFE12A80DAB6 /* Pods-OfficeChat.development.xcconfig */;
			buildSettings = {
				ASSETCATALOG_COMPILER_APPICON_NAME = AppIcon;
				CODE_SIGN_ENTITLEMENTS = OfficeChat/OfficeChat.entitlements;
				CODE_SIGN_STYLE = Automatic;
				DEVELOPMENT_TEAM = ZAU58TE88U;
				INFOPLIST_FILE = OfficeChat/Info.plist;
				LD_RUNPATH_SEARCH_PATHS = (
					"$(inherited)",
					"@executable_path/Frameworks",
				);
				PRODUCT_BUNDLE_IDENTIFIER = com.nyondo.OfficeChat;
				PRODUCT_NAME = "$(TARGET_NAME)";
				SWIFT_VERSION = 4.2;
				TARGETED_DEVICE_FAMILY = 1;
			};
			name = Development;
		};
		138CE50421B81CCA0033CC05 /* Development */ = {
			isa = XCBuildConfiguration;
			baseConfigurationReference = 9C6934039DEB7DE9F00914F9 /* Pods-OfficeChatTests.development.xcconfig */;
			buildSettings = {
				ALWAYS_EMBED_SWIFT_STANDARD_LIBRARIES = YES;
				BUNDLE_LOADER = "$(TEST_HOST)";
				CODE_SIGN_STYLE = Automatic;
				DEVELOPMENT_TEAM = ZAU58TE88U;
				INFOPLIST_FILE = OfficeChatTests/Info.plist;
				LD_RUNPATH_SEARCH_PATHS = (
					"$(inherited)",
					"@executable_path/Frameworks",
					"@loader_path/Frameworks",
				);
				PRODUCT_BUNDLE_IDENTIFIER = com.nyondo.OfficeChatTests;
				PRODUCT_NAME = "$(TARGET_NAME)";
				SWIFT_VERSION = 4.2;
				TARGETED_DEVICE_FAMILY = "1,2";
				TEST_HOST = "$(BUILT_PRODUCTS_DIR)/OfficeChat.app/OfficeChat";
			};
			name = Development;
		};
		138CE50521B81CCA0033CC05 /* Development */ = {
			isa = XCBuildConfiguration;
			buildSettings = {
				ALWAYS_EMBED_SWIFT_STANDARD_LIBRARIES = YES;
				CODE_SIGN_STYLE = Automatic;
				DEVELOPMENT_TEAM = ZAU58TE88U;
				INFOPLIST_FILE = OfficeChatUITests/Info.plist;
				LD_RUNPATH_SEARCH_PATHS = (
					"$(inherited)",
					"@executable_path/Frameworks",
					"@loader_path/Frameworks",
				);
				PRODUCT_BUNDLE_IDENTIFIER = com.nyondo.OfficeChatUITests;
				PRODUCT_NAME = "$(TARGET_NAME)";
				SWIFT_VERSION = 4.2;
				TARGETED_DEVICE_FAMILY = "1,2";
				TEST_TARGET_NAME = OfficeChat;
			};
			name = Development;
		};
		138CE50621B81CE80033CC05 /* Production */ = {
			isa = XCBuildConfiguration;
			buildSettings = {
				ALWAYS_SEARCH_USER_PATHS = NO;
				CLANG_ANALYZER_NONNULL = YES;
				CLANG_ANALYZER_NUMBER_OBJECT_CONVERSION = YES_AGGRESSIVE;
				CLANG_CXX_LANGUAGE_STANDARD = "gnu++14";
				CLANG_CXX_LIBRARY = "libc++";
				CLANG_ENABLE_MODULES = YES;
				CLANG_ENABLE_OBJC_ARC = YES;
				CLANG_ENABLE_OBJC_WEAK = YES;
				CLANG_WARN_BLOCK_CAPTURE_AUTORELEASING = YES;
				CLANG_WARN_BOOL_CONVERSION = YES;
				CLANG_WARN_COMMA = YES;
				CLANG_WARN_CONSTANT_CONVERSION = YES;
				CLANG_WARN_DEPRECATED_OBJC_IMPLEMENTATIONS = YES;
				CLANG_WARN_DIRECT_OBJC_ISA_USAGE = YES_ERROR;
				CLANG_WARN_DOCUMENTATION_COMMENTS = YES;
				CLANG_WARN_EMPTY_BODY = YES;
				CLANG_WARN_ENUM_CONVERSION = YES;
				CLANG_WARN_INFINITE_RECURSION = YES;
				CLANG_WARN_INT_CONVERSION = YES;
				CLANG_WARN_NON_LITERAL_NULL_CONVERSION = YES;
				CLANG_WARN_OBJC_IMPLICIT_RETAIN_SELF = YES;
				CLANG_WARN_OBJC_LITERAL_CONVERSION = YES;
				CLANG_WARN_OBJC_ROOT_CLASS = YES_ERROR;
				CLANG_WARN_RANGE_LOOP_ANALYSIS = YES;
				CLANG_WARN_STRICT_PROTOTYPES = YES;
				CLANG_WARN_SUSPICIOUS_MOVE = YES;
				CLANG_WARN_UNGUARDED_AVAILABILITY = YES_AGGRESSIVE;
				CLANG_WARN_UNREACHABLE_CODE = YES;
				CLANG_WARN__DUPLICATE_METHOD_MATCH = YES;
				CODE_SIGN_IDENTITY = "iPhone Developer";
				COPY_PHASE_STRIP = NO;
				DEBUG_INFORMATION_FORMAT = "dwarf-with-dsym";
				ENABLE_NS_ASSERTIONS = NO;
				ENABLE_STRICT_OBJC_MSGSEND = YES;
				GCC_C_LANGUAGE_STANDARD = gnu11;
				GCC_NO_COMMON_BLOCKS = YES;
				GCC_WARN_64_TO_32_BIT_CONVERSION = YES;
				GCC_WARN_ABOUT_RETURN_TYPE = YES_ERROR;
				GCC_WARN_UNDECLARED_SELECTOR = YES;
				GCC_WARN_UNINITIALIZED_AUTOS = YES_AGGRESSIVE;
				GCC_WARN_UNUSED_FUNCTION = YES;
				GCC_WARN_UNUSED_VARIABLE = YES;
				IPHONEOS_DEPLOYMENT_TARGET = 12.1;
				MTL_ENABLE_DEBUG_INFO = NO;
				MTL_FAST_MATH = YES;
				SDKROOT = iphoneos;
				SWIFT_COMPILATION_MODE = wholemodule;
				SWIFT_OPTIMIZATION_LEVEL = "-O";
				VALIDATE_PRODUCT = YES;
			};
			name = Production;
		};
		138CE50721B81CE80033CC05 /* Production */ = {
			isa = XCBuildConfiguration;
			baseConfigurationReference = 8C725D9BC3BBB3113D3C6A37 /* Pods-OfficeChat.production.xcconfig */;
			buildSettings = {
				ASSETCATALOG_COMPILER_APPICON_NAME = AppIcon;
				CODE_SIGN_ENTITLEMENTS = OfficeChat/OfficeChat.entitlements;
				CODE_SIGN_STYLE = Automatic;
				DEVELOPMENT_TEAM = ZAU58TE88U;
				INFOPLIST_FILE = OfficeChat/Info.plist;
				LD_RUNPATH_SEARCH_PATHS = (
					"$(inherited)",
					"@executable_path/Frameworks",
				);
				PRODUCT_BUNDLE_IDENTIFIER = com.nyondo.OfficeChat;
				PRODUCT_NAME = "$(TARGET_NAME)";
				SWIFT_VERSION = 4.2;
				TARGETED_DEVICE_FAMILY = 1;
			};
			name = Production;
		};
		138CE50821B81CE80033CC05 /* Production */ = {
			isa = XCBuildConfiguration;
			baseConfigurationReference = 41C0869520E4B30C65530905 /* Pods-OfficeChatTests.production.xcconfig */;
			buildSettings = {
				ALWAYS_EMBED_SWIFT_STANDARD_LIBRARIES = YES;
				BUNDLE_LOADER = "$(TEST_HOST)";
				CODE_SIGN_STYLE = Automatic;
				DEVELOPMENT_TEAM = ZAU58TE88U;
				INFOPLIST_FILE = OfficeChatTests/Info.plist;
				LD_RUNPATH_SEARCH_PATHS = (
					"$(inherited)",
					"@executable_path/Frameworks",
					"@loader_path/Frameworks",
				);
				PRODUCT_BUNDLE_IDENTIFIER = com.nyondo.OfficeChatTests;
				PRODUCT_NAME = "$(TARGET_NAME)";
				SWIFT_VERSION = 4.2;
				TARGETED_DEVICE_FAMILY = "1,2";
				TEST_HOST = "$(BUILT_PRODUCTS_DIR)/OfficeChat.app/OfficeChat";
			};
			name = Production;
		};
		138CE50921B81CE80033CC05 /* Production */ = {
			isa = XCBuildConfiguration;
			buildSettings = {
				ALWAYS_EMBED_SWIFT_STANDARD_LIBRARIES = YES;
				CODE_SIGN_STYLE = Automatic;
				DEVELOPMENT_TEAM = ZAU58TE88U;
				INFOPLIST_FILE = OfficeChatUITests/Info.plist;
				LD_RUNPATH_SEARCH_PATHS = (
					"$(inherited)",
					"@executable_path/Frameworks",
					"@loader_path/Frameworks",
				);
				PRODUCT_BUNDLE_IDENTIFIER = com.nyondo.OfficeChatUITests;
				PRODUCT_NAME = "$(TARGET_NAME)";
				SWIFT_VERSION = 4.2;
				TARGETED_DEVICE_FAMILY = "1,2";
				TEST_TARGET_NAME = OfficeChat;
			};
			name = Production;
		};
/* End XCBuildConfiguration section */

/* Begin XCConfigurationList section */
		138CE4CA21B7FBB20033CC05 /* Build configuration list for PBXProject "OfficeChat" */ = {
			isa = XCConfigurationList;
			buildConfigurations = (
				138CE4F521B7FBB40033CC05 /* Debug */,
				138CE50221B81CCA0033CC05 /* Development */,
				138CE4F621B7FBB40033CC05 /* Release */,
				138CE50621B81CE80033CC05 /* Production */,
			);
			defaultConfigurationIsVisible = 0;
			defaultConfigurationName = Release;
		};
		138CE4F721B7FBB40033CC05 /* Build configuration list for PBXNativeTarget "OfficeChat" */ = {
			isa = XCConfigurationList;
			buildConfigurations = (
				138CE4F821B7FBB40033CC05 /* Debug */,
				138CE50321B81CCA0033CC05 /* Development */,
				138CE4F921B7FBB40033CC05 /* Release */,
				138CE50721B81CE80033CC05 /* Production */,
			);
			defaultConfigurationIsVisible = 0;
			defaultConfigurationName = Release;
		};
		138CE4FA21B7FBB40033CC05 /* Build configuration list for PBXNativeTarget "OfficeChatTests" */ = {
			isa = XCConfigurationList;
			buildConfigurations = (
				138CE4FB21B7FBB40033CC05 /* Debug */,
				138CE50421B81CCA0033CC05 /* Development */,
				138CE4FC21B7FBB40033CC05 /* Release */,
				138CE50821B81CE80033CC05 /* Production */,
			);
			defaultConfigurationIsVisible = 0;
			defaultConfigurationName = Release;
		};
		138CE4FD21B7FBB40033CC05 /* Build configuration list for PBXNativeTarget "OfficeChatUITests" */ = {
			isa = XCConfigurationList;
			buildConfigurations = (
				138CE4FE21B7FBB40033CC05 /* Debug */,
				138CE50521B81CCA0033CC05 /* Development */,
				138CE4FF21B7FBB40033CC05 /* Release */,
				138CE50921B81CE80033CC05 /* Production */,
			);
			defaultConfigurationIsVisible = 0;
			defaultConfigurationName = Release;
		};
/* End XCConfigurationList section */
	};
	rootObject = 138CE4C721B7FBB20033CC05 /* Project object */;
}
