// !$*UTF8*$!
{
	archiveVersion = 1;
	classes = {
	};
	objectVersion = 50;
	objects = {

/* Begin PBXBuildFile section */
		138CE4D321B7FBB20033CC05 /* AppDelegate.swift in Sources */ = {isa = PBXBuildFile; fileRef = 138CE4D221B7FBB20033CC05 /* AppDelegate.swift */; };
		138CE4D521B7FBB20033CC05 /* ViewController.swift in Sources */ = {isa = PBXBuildFile; fileRef = 138CE4D421B7FBB20033CC05 /* ViewController.swift */; };
		138CE4D821B7FBB20033CC05 /* Main.storyboard in Resources */ = {isa = PBXBuildFile; fileRef = 138CE4D621B7FBB20033CC05 /* Main.storyboard */; };
		138CE4DA21B7FBB30033CC05 /* Assets.xcassets in Resources */ = {isa = PBXBuildFile; fileRef = 138CE4D921B7FBB30033CC05 /* Assets.xcassets */; };
		138CE4DD21B7FBB30033CC05 /* LaunchScreen.storyboard in Resources */ = {isa = PBXBuildFile; fileRef = 138CE4DB21B7FBB30033CC05 /* LaunchScreen.storyboard */; };
		138CE4E821B7FBB40033CC05 /* OfficeChatTests.swift in Sources */ = {isa = PBXBuildFile; fileRef = 138CE4E721B7FBB40033CC05 /* OfficeChatTests.swift */; };
		138CE4F321B7FBB40033CC05 /* OfficeChatUITests.swift in Sources */ = {isa = PBXBuildFile; fileRef = 138CE4F221B7FBB40033CC05 /* OfficeChatUITests.swift */; };
		138CE50121B80AFC0033CC05 /* ReadME.md in Resources */ = {isa = PBXBuildFile; fileRef = 138CE50021B80AFC0033CC05 /* ReadME.md */; };
/* End PBXBuildFile section */

/* Begin PBXContainerItemProxy section */
		138CE4E421B7FBB40033CC05 /* PBXContainerItemProxy */ = {
			isa = PBXContainerItemProxy;
			containerPortal = 138CE4C721B7FBB20033CC05 /* Project object */;
			proxyType = 1;
			remoteGlobalIDString = 138CE4CE21B7FBB20033CC05;
			remoteInfo = OfficeChat;
		};
		138CE4EF21B7FBB40033CC05 /* PBXContainerItemProxy */ = {
			isa = PBXContainerItemProxy;
			containerPortal = 138CE4C721B7FBB20033CC05 /* Project object */;
			proxyType = 1;
			remoteGlobalIDString = 138CE4CE21B7FBB20033CC05;
			remoteInfo = OfficeChat;
		};
/* End PBXContainerItemProxy section */

/* Begin PBXFileReference section */
		138CE4CF21B7FBB20033CC05 /* OfficeChat.app */ = {isa = PBXFileReference; explicitFileType = wrapper.application; includeInIndex = 0; path = OfficeChat.app; sourceTree = BUILT_PRODUCTS_DIR; };
		138CE4D221B7FBB20033CC05 /* AppDelegate.swift */ = {isa = PBXFileReference; lastKnownFileType = sourcecode.swift; path = AppDelegate.swift; sourceTree = "<group>"; };
		138CE4D421B7FBB20033CC05 /* ViewController.swift */ = {isa = PBXFileReference; lastKnownFileType = sourcecode.swift; path = ViewController.swift; sourceTree = "<group>"; };
		138CE4D721B7FBB20033CC05 /* Base */ = {isa = PBXFileReference; lastKnownFileType = file.storyboard; name = Base; path = Base.lproj/Main.storyboard; sourceTree = "<group>"; };
		138CE4D921B7FBB30033CC05 /* Assets.xcassets */ = {isa = PBXFileReference; lastKnownFileType = folder.assetcatalog; path = Assets.xcassets; sourceTree = "<group>"; };
		138CE4DC21B7FBB30033CC05 /* Base */ = {isa = PBXFileReference; lastKnownFileType = file.storyboard; name = Base; path = Base.lproj/LaunchScreen.storyboard; sourceTree = "<group>"; };
		138CE4DE21B7FBB30033CC05 /* Info.plist */ = {isa = PBXFileReference; lastKnownFileType = text.plist.xml; path = Info.plist; sourceTree = "<group>"; };
		138CE4E321B7FBB40033CC05 /* OfficeChatTests.xctest */ = {isa = PBXFileReference; explicitFileType = wrapper.cfbundle; includeInIndex = 0; path = OfficeChatTests.xctest; sourceTree = BUILT_PRODUCTS_DIR; };
		138CE4E721B7FBB40033CC05 /* OfficeChatTests.swift */ = {isa = PBXFileReference; lastKnownFileType = sourcecode.swift; path = OfficeChatTests.swift; sourceTree = "<group>"; };
		138CE4E921B7FBB40033CC05 /* Info.plist */ = {isa = PBXFileReference; lastKnownFileType = text.plist.xml; path = Info.plist; sourceTree = "<group>"; };
		138CE4EE21B7FBB40033CC05 /* OfficeChatUITests.xctest */ = {isa = PBXFileReference; explicitFileType = wrapper.cfbundle; includeInIndex = 0; path = OfficeChatUITests.xctest; sourceTree = BUILT_PRODUCTS_DIR; };
		138CE4F221B7FBB40033CC05 /* OfficeChatUITests.swift */ = {isa = PBXFileReference; lastKnownFileType = sourcecode.swift; path = OfficeChatUITests.swift; sourceTree = "<group>"; };
		138CE4F421B7FBB40033CC05 /* Info.plist */ = {isa = PBXFileReference; lastKnownFileType = text.plist.xml; path = Info.plist; sourceTree = "<group>"; };
		138CE50021B80AFC0033CC05 /* ReadME.md */ = {isa = PBXFileReference; fileEncoding = 4; lastKnownFileType = net.daringfireball.markdown; path = ReadME.md; sourceTree = "<group>"; };
/* End PBXFileReference section */

/* Begin PBXFrameworksBuildPhase section */
		138CE4CC21B7FBB20033CC05 /* Frameworks */ = {
			isa = PBXFrameworksBuildPhase;
			buildActionMask = 2147483647;
			files = (
			);
			runOnlyForDeploymentPostprocessing = 0;
		};
		138CE4E021B7FBB40033CC05 /* Frameworks */ = {
			isa = PBXFrameworksBuildPhase;
			buildActionMask = 2147483647;
			files = (
			);
			runOnlyForDeploymentPostprocessing = 0;
		};
		138CE4EB21B7FBB40033CC05 /* Frameworks */ = {
			isa = PBXFrameworksBuildPhase;
			buildActionMask = 2147483647;
			files = (
			);
			runOnlyForDeploymentPostprocessing = 0;
		};
/* End PBXFrameworksBuildPhase section */

/* Begin PBXGroup section */
		138CE4C621B7FBB20033CC05 = {
			isa = PBXGroup;
			children = (
				138CE50021B80AFC0033CC05 /* ReadME.md */,
				138CE4D121B7FBB20033CC05 /* OfficeChat */,
				138CE4E621B7FBB40033CC05 /* OfficeChatTests */,
				138CE4F121B7FBB40033CC05 /* OfficeChatUITests */,
				138CE4D021B7FBB20033CC05 /* Products */,
			);
			sourceTree = "<group>";
		};
		138CE4D021B7FBB20033CC05 /* Products */ = {
			isa = PBXGroup;
			children = (
				138CE4CF21B7FBB20033CC05 /* OfficeChat.app */,
				138CE4E321B7FBB40033CC05 /* OfficeChatTests.xctest */,
				138CE4EE21B7FBB40033CC05 /* OfficeChatUITests.xctest */,
			);
			name = Products;
			sourceTree = "<group>";
		};
		138CE4D121B7FBB20033CC05 /* OfficeChat */ = {
			isa = PBXGroup;
			children = (
				138CE4D221B7FBB20033CC05 /* AppDelegate.swift */,
				138CE4D421B7FBB20033CC05 /* ViewController.swift */,
				138CE4D621B7FBB20033CC05 /* Main.storyboard */,
				138CE4D921B7FBB30033CC05 /* Assets.xcassets */,
				138CE4DB21B7FBB30033CC05 /* LaunchScreen.storyboard */,
				138CE4DE21B7FBB30033CC05 /* Info.plist */,
			);
			path = OfficeChat;
			sourceTree = "<group>";
		};
		138CE4E621B7FBB40033CC05 /* OfficeChatTests */ = {
			isa = PBXGroup;
			children = (
				138CE4E721B7FBB40033CC05 /* OfficeChatTests.swift */,
				138CE4E921B7FBB40033CC05 /* Info.plist */,
			);
			path = OfficeChatTests;
			sourceTree = "<group>";
		};
		138CE4F121B7FBB40033CC05 /* OfficeChatUITests */ = {
			isa = PBXGroup;
			children = (
				138CE4F221B7FBB40033CC05 /* OfficeChatUITests.swift */,
				138CE4F421B7FBB40033CC05 /* Info.plist */,
			);
			path = OfficeChatUITests;
			sourceTree = "<group>";
		};
/* End PBXGroup section */

/* Begin PBXNativeTarget section */
		138CE4CE21B7FBB20033CC05 /* OfficeChat */ = {
			isa = PBXNativeTarget;
			buildConfigurationList = 138CE4F721B7FBB40033CC05 /* Build configuration list for PBXNativeTarget "OfficeChat" */;
			buildPhases = (
				138CE4CB21B7FBB20033CC05 /* Sources */,
				138CE4CC21B7FBB20033CC05 /* Frameworks */,
				138CE4CD21B7FBB20033CC05 /* Resources */,
			);
			buildRules = (
			);
			dependencies = (
			);
			name = OfficeChat;
			productName = OfficeChat;
			productReference = 138CE4CF21B7FBB20033CC05 /* OfficeChat.app */;
			productType = "com.apple.product-type.application";
		};
		138CE4E221B7FBB40033CC05 /* OfficeChatTests */ = {
			isa = PBXNativeTarget;
			buildConfigurationList = 138CE4FA21B7FBB40033CC05 /* Build configuration list for PBXNativeTarget "OfficeChatTests" */;
			buildPhases = (
				138CE4DF21B7FBB40033CC05 /* Sources */,
				138CE4E021B7FBB40033CC05 /* Frameworks */,
				138CE4E121B7FBB40033CC05 /* Resources */,
			);
			buildRules = (
			);
			dependencies = (
				138CE4E521B7FBB40033CC05 /* PBXTargetDependency */,
			);
			name = OfficeChatTests;
			productName = OfficeChatTests;
			productReference = 138CE4E321B7FBB40033CC05 /* OfficeChatTests.xctest */;
			productType = "com.apple.product-type.bundle.unit-test";
		};
		138CE4ED21B7FBB40033CC05 /* OfficeChatUITests */ = {
			isa = PBXNativeTarget;
			buildConfigurationList = 138CE4FD21B7FBB40033CC05 /* Build configuration list for PBXNativeTarget "OfficeChatUITests" */;
			buildPhases = (
				138CE4EA21B7FBB40033CC05 /* Sources */,
				138CE4EB21B7FBB40033CC05 /* Frameworks */,
				138CE4EC21B7FBB40033CC05 /* Resources */,
			);
			buildRules = (
			);
			dependencies = (
				138CE4F021B7FBB40033CC05 /* PBXTargetDependency */,
			);
			name = OfficeChatUITests;
			productName = OfficeChatUITests;
			productReference = 138CE4EE21B7FBB40033CC05 /* OfficeChatUITests.xctest */;
			productType = "com.apple.product-type.bundle.ui-testing";
		};
/* End PBXNativeTarget section */

/* Begin PBXProject section */
		138CE4C721B7FBB20033CC05 /* Project object */ = {
			isa = PBXProject;
			attributes = {
				LastSwiftUpdateCheck = 1010;
				LastUpgradeCheck = 1010;
				ORGANIZATIONNAME = "Paul Nyondo";
				TargetAttributes = {
					138CE4CE21B7FBB20033CC05 = {
						CreatedOnToolsVersion = 10.1;
					};
					138CE4E221B7FBB40033CC05 = {
						CreatedOnToolsVersion = 10.1;
						TestTargetID = 138CE4CE21B7FBB20033CC05;
					};
					138CE4ED21B7FBB40033CC05 = {
						CreatedOnToolsVersion = 10.1;
						TestTargetID = 138CE4CE21B7FBB20033CC05;
					};
				};
			};
			buildConfigurationList = 138CE4CA21B7FBB20033CC05 /* Build configuration list for PBXProject "OfficeChat" */;
			compatibilityVersion = "Xcode 9.3";
			developmentRegion = en;
			hasScannedForEncodings = 0;
			knownRegions = (
				en,
				Base,
			);
			mainGroup = 138CE4C621B7FBB20033CC05;
			productRefGroup = 138CE4D021B7FBB20033CC05 /* Products */;
			projectDirPath = "";
			projectRoot = "";
			targets = (
				138CE4CE21B7FBB20033CC05 /* OfficeChat */,
				138CE4E221B7FBB40033CC05 /* OfficeChatTests */,
				138CE4ED21B7FBB40033CC05 /* OfficeChatUITests */,
			);
		};
/* End PBXProject section */

/* Begin PBXResourcesBuildPhase section */
		138CE4CD21B7FBB20033CC05 /* Resources */ = {
			isa = PBXResourcesBuildPhase;
			buildActionMask = 2147483647;
			files = (
				138CE4DD21B7FBB30033CC05 /* LaunchScreen.storyboard in Resources */,
				138CE4DA21B7FBB30033CC05 /* Assets.xcassets in Resources */,
				138CE50121B80AFC0033CC05 /* ReadME.md in Resources */,
				138CE4D821B7FBB20033CC05 /* Main.storyboard in Resources */,
			);
			runOnlyForDeploymentPostprocessing = 0;
		};
		138CE4E121B7FBB40033CC05 /* Resources */ = {
			isa = PBXResourcesBuildPhase;
			buildActionMask = 2147483647;
			files = (
			);
			runOnlyForDeploymentPostprocessing = 0;
		};
		138CE4EC21B7FBB40033CC05 /* Resources */ = {
			isa = PBXResourcesBuildPhase;
			buildActionMask = 2147483647;
			files = (
			);
			runOnlyForDeploymentPostprocessing = 0;
		};
/* End PBXResourcesBuildPhase section */

/* Begin PBXSourcesBuildPhase section */
		138CE4CB21B7FBB20033CC05 /* Sources */ = {
			isa = PBXSourcesBuildPhase;
			buildActionMask = 2147483647;
			files = (
				138CE4D521B7FBB20033CC05 /* ViewController.swift in Sources */,
				138CE4D321B7FBB20033CC05 /* AppDelegate.swift in Sources */,
			);
			runOnlyForDeploymentPostprocessing = 0;
		};
		138CE4DF21B7FBB40033CC05 /* Sources */ = {
			isa = PBXSourcesBuildPhase;
			buildActionMask = 2147483647;
			files = (
				138CE4E821B7FBB40033CC05 /* OfficeChatTests.swift in Sources */,
			);
			runOnlyForDeploymentPostprocessing = 0;
		};
		138CE4EA21B7FBB40033CC05 /* Sources */ = {
			isa = PBXSourcesBuildPhase;
			buildActionMask = 2147483647;
			files = (
				138CE4F321B7FBB40033CC05 /* OfficeChatUITests.swift in Sources */,
			);
			runOnlyForDeploymentPostprocessing = 0;
		};
/* End PBXSourcesBuildPhase section */

/* Begin PBXTargetDependency section */
		138CE4E521B7FBB40033CC05 /* PBXTargetDependency */ = {
			isa = PBXTargetDependency;
			target = 138CE4CE21B7FBB20033CC05 /* OfficeChat */;
			targetProxy = 138CE4E421B7FBB40033CC05 /* PBXContainerItemProxy */;
		};
		138CE4F021B7FBB40033CC05 /* PBXTargetDependency */ = {
			isa = PBXTargetDependency;
			target = 138CE4CE21B7FBB20033CC05 /* OfficeChat */;
			targetProxy = 138CE4EF21B7FBB40033CC05 /* PBXContainerItemProxy */;
		};
/* End PBXTargetDependency section */

/* Begin PBXVariantGroup section */
		138CE4D621B7FBB20033CC05 /* Main.storyboard */ = {
			isa = PBXVariantGroup;
			children = (
				138CE4D721B7FBB20033CC05 /* Base */,
			);
			name = Main.storyboard;
			sourceTree = "<group>";
		};
		138CE4DB21B7FBB30033CC05 /* LaunchScreen.storyboard */ = {
			isa = PBXVariantGroup;
			children = (
				138CE4DC21B7FBB30033CC05 /* Base */,
			);
			name = LaunchScreen.storyboard;
			sourceTree = "<group>";
		};
/* End PBXVariantGroup section */

/* Begin XCBuildConfiguration section */
		138CE4F521B7FBB40033CC05 /* Debug */ = {
			isa = XCBuildConfiguration;
			buildSettings = {
				ALWAYS_SEARCH_USER_PATHS = NO;
				CLANG_ANALYZER_NONNULL = YES;
				CLANG_ANALYZER_NUMBER_OBJECT_CONVERSION = YES_AGGRESSIVE;
				CLANG_CXX_LANGUAGE_STANDARD = "gnu++14";
				CLANG_CXX_LIBRARY = "libc++";
				CLANG_ENABLE_MODULES = YES;
				CLANG_ENABLE_OBJC_ARC = YES;
				CLANG_ENABLE_OBJC_WEAK = YES;
				CLANG_WARN_BLOCK_CAPTURE_AUTORELEASING = YES;
				CLANG_WARN_BOOL_CONVERSION = YES;
				CLANG_WARN_COMMA = YES;
				CLANG_WARN_CONSTANT_CONVERSION = YES;
				CLANG_WARN_DEPRECATED_OBJC_IMPLEMENTATIONS = YES;
				CLANG_WARN_DIRECT_OBJC_ISA_USAGE = YES_ERROR;
				CLANG_WARN_DOCUMENTATION_COMMENTS = YES;
				CLANG_WARN_EMPTY_BODY = YES;
				CLANG_WARN_ENUM_CONVERSION = YES;
				CLANG_WARN_INFINITE_RECURSION = YES;
				CLANG_WARN_INT_CONVERSION = YES;
				CLANG_WARN_NON_LITERAL_NULL_CONVERSION = YES;
				CLANG_WARN_OBJC_IMPLICIT_RETAIN_SELF = YES;
				CLANG_WARN_OBJC_LITERAL_CONVERSION = YES;
				CLANG_WARN_OBJC_ROOT_CLASS = YES_ERROR;
				CLANG_WARN_RANGE_LOOP_ANALYSIS = YES;
				CLANG_WARN_STRICT_PROTOTYPES = YES;
				CLANG_WARN_SUSPICIOUS_MOVE = YES;
				CLANG_WARN_UNGUARDED_AVAILABILITY = YES_AGGRESSIVE;
				CLANG_WARN_UNREACHABLE_CODE = YES;
				CLANG_WARN__DUPLICATE_METHOD_MATCH = YES;
				CODE_SIGN_IDENTITY = "iPhone Developer";
				COPY_PHASE_STRIP = NO;
				DEBUG_INFORMATION_FORMAT = dwarf;
				ENABLE_STRICT_OBJC_MSGSEND = YES;
				ENABLE_TESTABILITY = YES;
				GCC_C_LANGUAGE_STANDARD = gnu11;
				GCC_DYNAMIC_NO_PIC = NO;
				GCC_NO_COMMON_BLOCKS = YES;
				GCC_OPTIMIZATION_LEVEL = 0;
				GCC_PREPROCESSOR_DEFINITIONS = (
					"DEBUG=1",
					"$(inherited)",
				);
				GCC_WARN_64_TO_32_BIT_CONVERSION = YES;
				GCC_WARN_ABOUT_RETURN_TYPE = YES_ERROR;
				GCC_WARN_UNDECLARED_SELECTOR = YES;
				GCC_WARN_UNINITIALIZED_AUTOS = YES_AGGRESSIVE;
				GCC_WARN_UNUSED_FUNCTION = YES;
				GCC_WARN_UNUSED_VARIABLE = YES;
				IPHONEOS_DEPLOYMENT_TARGET = 12.1;
				MTL_ENABLE_DEBUG_INFO = INCLUDE_SOURCE;
				MTL_FAST_MATH = YES;
				ONLY_ACTIVE_ARCH = YES;
				SDKROOT = iphoneos;
				SWIFT_ACTIVE_COMPILATION_CONDITIONS = DEBUG;
				SWIFT_OPTIMIZATION_LEVEL = "-Onone";
			};
			name = Debug;
		};
		138CE4F621B7FBB40033CC05 /* Release */ = {
			isa = XCBuildConfiguration;
			buildSettings = {
				ALWAYS_SEARCH_USER_PATHS = NO;
				CLANG_ANALYZER_NONNULL = YES;
				CLANG_ANALYZER_NUMBER_OBJECT_CONVERSION = YES_AGGRESSIVE;
				CLANG_CXX_LANGUAGE_STANDARD = "gnu++14";
				CLANG_CXX_LIBRARY = "libc++";
				CLANG_ENABLE_MODULES = YES;
				CLANG_ENABLE_OBJC_ARC = YES;
				CLANG_ENABLE_OBJC_WEAK = YES;
				CLANG_WARN_BLOCK_CAPTURE_AUTORELEASING = YES;
				CLANG_WARN_BOOL_CONVERSION = YES;
				CLANG_WARN_COMMA = YES;
				CLANG_WARN_CONSTANT_CONVERSION = YES;
				CLANG_WARN_DEPRECATED_OBJC_IMPLEMENTATIONS = YES;
				CLANG_WARN_DIRECT_OBJC_ISA_USAGE = YES_ERROR;
				CLANG_WARN_DOCUMENTATION_COMMENTS = YES;
				CLANG_WARN_EMPTY_BODY = YES;
				CLANG_WARN_ENUM_CONVERSION = YES;
				CLANG_WARN_INFINITE_RECURSION = YES;
				CLANG_WARN_INT_CONVERSION = YES;
				CLANG_WARN_NON_LITERAL_NULL_CONVERSION = YES;
				CLANG_WARN_OBJC_IMPLICIT_RETAIN_SELF = YES;
				CLANG_WARN_OBJC_LITERAL_CONVERSION = YES;
				CLANG_WARN_OBJC_ROOT_CLASS = YES_ERROR;
				CLANG_WARN_RANGE_LOOP_ANALYSIS = YES;
				CLANG_WARN_STRICT_PROTOTYPES = YES;
				CLANG_WARN_SUSPICIOUS_MOVE = YES;
				CLANG_WARN_UNGUARDED_AVAILABILITY = YES_AGGRESSIVE;
				CLANG_WARN_UNREACHABLE_CODE = YES;
				CLANG_WARN__DUPLICATE_METHOD_MATCH = YES;
				CODE_SIGN_IDENTITY = "iPhone Developer";
				COPY_PHASE_STRIP = NO;
				DEBUG_INFORMATION_FORMAT = "dwarf-with-dsym";
				ENABLE_NS_ASSERTIONS = NO;
				ENABLE_STRICT_OBJC_MSGSEND = YES;
				GCC_C_LANGUAGE_STANDARD = gnu11;
				GCC_NO_COMMON_BLOCKS = YES;
				GCC_WARN_64_TO_32_BIT_CONVERSION = YES;
				GCC_WARN_ABOUT_RETURN_TYPE = YES_ERROR;
				GCC_WARN_UNDECLARED_SELECTOR = YES;
				GCC_WARN_UNINITIALIZED_AUTOS = YES_AGGRESSIVE;
				GCC_WARN_UNUSED_FUNCTION = YES;
				GCC_WARN_UNUSED_VARIABLE = YES;
				IPHONEOS_DEPLOYMENT_TARGET = 12.1;
				MTL_ENABLE_DEBUG_INFO = NO;
				MTL_FAST_MATH = YES;
				SDKROOT = iphoneos;
				SWIFT_COMPILATION_MODE = wholemodule;
				SWIFT_OPTIMIZATION_LEVEL = "-O";
				VALIDATE_PRODUCT = YES;
			};
			name = Release;
		};
		138CE4F821B7FBB40033CC05 /* Debug */ = {
			isa = XCBuildConfiguration;
			buildSettings = {
				ASSETCATALOG_COMPILER_APPICON_NAME = AppIcon;
				CODE_SIGN_STYLE = Automatic;
				DEVELOPMENT_TEAM = ZAU58TE88U;
				INFOPLIST_FILE = OfficeChat/Info.plist;
				LD_RUNPATH_SEARCH_PATHS = (
					"$(inherited)",
					"@executable_path/Frameworks",
				);
				PRODUCT_BUNDLE_IDENTIFIER = com.nyondo.OfficeChat;
				PRODUCT_NAME = "$(TARGET_NAME)";
				SWIFT_VERSION = 4.2;
				TARGETED_DEVICE_FAMILY = "1,2";
			};
			name = Debug;
		};
		138CE4F921B7FBB40033CC05 /* Release */ = {
			isa = XCBuildConfiguration;
			buildSettings = {
				ASSETCATALOG_COMPILER_APPICON_NAME = AppIcon;
				CODE_SIGN_STYLE = Automatic;
				DEVELOPMENT_TEAM = ZAU58TE88U;
				INFOPLIST_FILE = OfficeChat/Info.plist;
				LD_RUNPATH_SEARCH_PATHS = (
					"$(inherited)",
					"@executable_path/Frameworks",
				);
				PRODUCT_BUNDLE_IDENTIFIER = com.nyondo.OfficeChat;
				PRODUCT_NAME = "$(TARGET_NAME)";
				SWIFT_VERSION = 4.2;
				TARGETED_DEVICE_FAMILY = "1,2";
			};
			name = Release;
		};
		138CE4FB21B7FBB40033CC05 /* Debug */ = {
			isa = XCBuildConfiguration;
			buildSettings = {
				ALWAYS_EMBED_SWIFT_STANDARD_LIBRARIES = YES;
				BUNDLE_LOADER = "$(TEST_HOST)";
				CODE_SIGN_STYLE = Automatic;
				DEVELOPMENT_TEAM = ZAU58TE88U;
				INFOPLIST_FILE = OfficeChatTests/Info.plist;
				LD_RUNPATH_SEARCH_PATHS = (
					"$(inherited)",
					"@executable_path/Frameworks",
					"@loader_path/Frameworks",
				);
				PRODUCT_BUNDLE_IDENTIFIER = com.nyondo.OfficeChatTests;
				PRODUCT_NAME = "$(TARGET_NAME)";
				SWIFT_VERSION = 4.2;
				TARGETED_DEVICE_FAMILY = "1,2";
				TEST_HOST = "$(BUILT_PRODUCTS_DIR)/OfficeChat.app/OfficeChat";
			};
			name = Debug;
		};
		138CE4FC21B7FBB40033CC05 /* Release */ = {
			isa = XCBuildConfiguration;
			buildSettings = {
				ALWAYS_EMBED_SWIFT_STANDARD_LIBRARIES = YES;
				BUNDLE_LOADER = "$(TEST_HOST)";
				CODE_SIGN_STYLE = Automatic;
				DEVELOPMENT_TEAM = ZAU58TE88U;
				INFOPLIST_FILE = OfficeChatTests/Info.plist;
				LD_RUNPATH_SEARCH_PATHS = (
					"$(inherited)",
					"@executable_path/Frameworks",
					"@loader_path/Frameworks",
				);
				PRODUCT_BUNDLE_IDENTIFIER = com.nyondo.OfficeChatTests;
				PRODUCT_NAME = "$(TARGET_NAME)";
				SWIFT_VERSION = 4.2;
				TARGETED_DEVICE_FAMILY = "1,2";
				TEST_HOST = "$(BUILT_PRODUCTS_DIR)/OfficeChat.app/OfficeChat";
			};
			name = Release;
		};
		138CE4FE21B7FBB40033CC05 /* Debug */ = {
			isa = XCBuildConfiguration;
			buildSettings = {
				ALWAYS_EMBED_SWIFT_STANDARD_LIBRARIES = YES;
				CODE_SIGN_STYLE = Automatic;
				DEVELOPMENT_TEAM = ZAU58TE88U;
				INFOPLIST_FILE = OfficeChatUITests/Info.plist;
				LD_RUNPATH_SEARCH_PATHS = (
					"$(inherited)",
					"@executable_path/Frameworks",
					"@loader_path/Frameworks",
				);
				PRODUCT_BUNDLE_IDENTIFIER = com.nyondo.OfficeChatUITests;
				PRODUCT_NAME = "$(TARGET_NAME)";
				SWIFT_VERSION = 4.2;
				TARGETED_DEVICE_FAMILY = "1,2";
				TEST_TARGET_NAME = OfficeChat;
			};
			name = Debug;
		};
		138CE4FF21B7FBB40033CC05 /* Release */ = {
			isa = XCBuildConfiguration;
			buildSettings = {
				ALWAYS_EMBED_SWIFT_STANDARD_LIBRARIES = YES;
				CODE_SIGN_STYLE = Automatic;
				DEVELOPMENT_TEAM = ZAU58TE88U;
				INFOPLIST_FILE = OfficeChatUITests/Info.plist;
				LD_RUNPATH_SEARCH_PATHS = (
					"$(inherited)",
					"@executable_path/Frameworks",
					"@loader_path/Frameworks",
				);
				PRODUCT_BUNDLE_IDENTIFIER = com.nyondo.OfficeChatUITests;
				PRODUCT_NAME = "$(TARGET_NAME)";
				SWIFT_VERSION = 4.2;
				TARGETED_DEVICE_FAMILY = "1,2";
				TEST_TARGET_NAME = OfficeChat;
			};
			name = Release;
		};
		138CE50221B81CCA0033CC05 /* Development */ = {
			isa = XCBuildConfiguration;
			buildSettings = {
				ALWAYS_SEARCH_USER_PATHS = NO;
				CLANG_ANALYZER_NONNULL = YES;
				CLANG_ANALYZER_NUMBER_OBJECT_CONVERSION = YES_AGGRESSIVE;
				CLANG_CXX_LANGUAGE_STANDARD = "gnu++14";
				CLANG_CXX_LIBRARY = "libc++";
				CLANG_ENABLE_MODULES = YES;
				CLANG_ENABLE_OBJC_ARC = YES;
				CLANG_ENABLE_OBJC_WEAK = YES;
				CLANG_WARN_BLOCK_CAPTURE_AUTORELEASING = YES;
				CLANG_WARN_BOOL_CONVERSION = YES;
				CLANG_WARN_COMMA = YES;
				CLANG_WARN_CONSTANT_CONVERSION = YES;
				CLANG_WARN_DEPRECATED_OBJC_IMPLEMENTATIONS = YES;
				CLANG_WARN_DIRECT_OBJC_ISA_USAGE = YES_ERROR;
				CLANG_WARN_DOCUMENTATION_COMMENTS = YES;
				CLANG_WARN_EMPTY_BODY = YES;
				CLANG_WARN_ENUM_CONVERSION = YES;
				CLANG_WARN_INFINITE_RECURSION = YES;
				CLANG_WARN_INT_CONVERSION = YES;
				CLANG_WARN_NON_LITERAL_NULL_CONVERSION = YES;
				CLANG_WARN_OBJC_IMPLICIT_RETAIN_SELF = YES;
				CLANG_WARN_OBJC_LITERAL_CONVERSION = YES;
				CLANG_WARN_OBJC_ROOT_CLASS = YES_ERROR;
				CLANG_WARN_RANGE_LOOP_ANALYSIS = YES;
				CLANG_WARN_STRICT_PROTOTYPES = YES;
				CLANG_WARN_SUSPICIOUS_MOVE = YES;
				CLANG_WARN_UNGUARDED_AVAILABILITY = YES_AGGRESSIVE;
				CLANG_WARN_UNREACHABLE_CODE = YES;
				CLANG_WARN__DUPLICATE_METHOD_MATCH = YES;
				CODE_SIGN_IDENTITY = "iPhone Developer";
				COPY_PHASE_STRIP = NO;
				DEBUG_INFORMATION_FORMAT = dwarf;
				ENABLE_STRICT_OBJC_MSGSEND = YES;
				ENABLE_TESTABILITY = YES;
				GCC_C_LANGUAGE_STANDARD = gnu11;
				GCC_DYNAMIC_NO_PIC = NO;
				GCC_NO_COMMON_BLOCKS = YES;
				GCC_OPTIMIZATION_LEVEL = 0;
				GCC_PREPROCESSOR_DEFINITIONS = (
					"DEBUG=1",
					"$(inherited)",
				);
				GCC_WARN_64_TO_32_BIT_CONVERSION = YES;
				GCC_WARN_ABOUT_RETURN_TYPE = YES_ERROR;
				GCC_WARN_UNDECLARED_SELECTOR = YES;
				GCC_WARN_UNINITIALIZED_AUTOS = YES_AGGRESSIVE;
				GCC_WARN_UNUSED_FUNCTION = YES;
				GCC_WARN_UNUSED_VARIABLE = YES;
				IPHONEOS_DEPLOYMENT_TARGET = 12.1;
				MTL_ENABLE_DEBUG_INFO = INCLUDE_SOURCE;
				MTL_FAST_MATH = YES;
				ONLY_ACTIVE_ARCH = YES;
				SDKROOT = iphoneos;
				SWIFT_ACTIVE_COMPILATION_CONDITIONS = DEBUG;
				SWIFT_OPTIMIZATION_LEVEL = "-Onone";
			};
			name = Development;
		};
		138CE50321B81CCA0033CC05 /* Development */ = {
			isa = XCBuildConfiguration;
			buildSettings = {
				ASSETCATALOG_COMPILER_APPICON_NAME = AppIcon;
				CODE_SIGN_STYLE = Automatic;
				DEVELOPMENT_TEAM = ZAU58TE88U;
				INFOPLIST_FILE = OfficeChat/Info.plist;
				LD_RUNPATH_SEARCH_PATHS = (
					"$(inherited)",
					"@executable_path/Frameworks",
				);
				PRODUCT_BUNDLE_IDENTIFIER = com.nyondo.OfficeChat;
				PRODUCT_NAME = "$(TARGET_NAME)";
				SWIFT_VERSION = 4.2;
				TARGETED_DEVICE_FAMILY = "1,2";
			};
			name = Development;
		};
		138CE50421B81CCA0033CC05 /* Development */ = {
			isa = XCBuildConfiguration;
			buildSettings = {
				ALWAYS_EMBED_SWIFT_STANDARD_LIBRARIES = YES;
				BUNDLE_LOADER = "$(TEST_HOST)";
				CODE_SIGN_STYLE = Automatic;
				DEVELOPMENT_TEAM = ZAU58TE88U;
				INFOPLIST_FILE = OfficeChatTests/Info.plist;
				LD_RUNPATH_SEARCH_PATHS = (
					"$(inherited)",
					"@executable_path/Frameworks",
					"@loader_path/Frameworks",
				);
				PRODUCT_BUNDLE_IDENTIFIER = com.nyondo.OfficeChatTests;
				PRODUCT_NAME = "$(TARGET_NAME)";
				SWIFT_VERSION = 4.2;
				TARGETED_DEVICE_FAMILY = "1,2";
				TEST_HOST = "$(BUILT_PRODUCTS_DIR)/OfficeChat.app/OfficeChat";
			};
			name = Development;
		};
		138CE50521B81CCA0033CC05 /* Development */ = {
			isa = XCBuildConfiguration;
			buildSettings = {
				ALWAYS_EMBED_SWIFT_STANDARD_LIBRARIES = YES;
				CODE_SIGN_STYLE = Automatic;
				DEVELOPMENT_TEAM = ZAU58TE88U;
				INFOPLIST_FILE = OfficeChatUITests/Info.plist;
				LD_RUNPATH_SEARCH_PATHS = (
					"$(inherited)",
					"@executable_path/Frameworks",
					"@loader_path/Frameworks",
				);
				PRODUCT_BUNDLE_IDENTIFIER = com.nyondo.OfficeChatUITests;
				PRODUCT_NAME = "$(TARGET_NAME)";
				SWIFT_VERSION = 4.2;
				TARGETED_DEVICE_FAMILY = "1,2";
				TEST_TARGET_NAME = OfficeChat;
			};
			name = Development;
		};
		138CE50621B81CE80033CC05 /* Production */ = {
			isa = XCBuildConfiguration;
			buildSettings = {
				ALWAYS_SEARCH_USER_PATHS = NO;
				CLANG_ANALYZER_NONNULL = YES;
				CLANG_ANALYZER_NUMBER_OBJECT_CONVERSION = YES_AGGRESSIVE;
				CLANG_CXX_LANGUAGE_STANDARD = "gnu++14";
				CLANG_CXX_LIBRARY = "libc++";
				CLANG_ENABLE_MODULES = YES;
				CLANG_ENABLE_OBJC_ARC = YES;
				CLANG_ENABLE_OBJC_WEAK = YES;
				CLANG_WARN_BLOCK_CAPTURE_AUTORELEASING = YES;
				CLANG_WARN_BOOL_CONVERSION = YES;
				CLANG_WARN_COMMA = YES;
				CLANG_WARN_CONSTANT_CONVERSION = YES;
				CLANG_WARN_DEPRECATED_OBJC_IMPLEMENTATIONS = YES;
				CLANG_WARN_DIRECT_OBJC_ISA_USAGE = YES_ERROR;
				CLANG_WARN_DOCUMENTATION_COMMENTS = YES;
				CLANG_WARN_EMPTY_BODY = YES;
				CLANG_WARN_ENUM_CONVERSION = YES;
				CLANG_WARN_INFINITE_RECURSION = YES;
				CLANG_WARN_INT_CONVERSION = YES;
				CLANG_WARN_NON_LITERAL_NULL_CONVERSION = YES;
				CLANG_WARN_OBJC_IMPLICIT_RETAIN_SELF = YES;
				CLANG_WARN_OBJC_LITERAL_CONVERSION = YES;
				CLANG_WARN_OBJC_ROOT_CLASS = YES_ERROR;
				CLANG_WARN_RANGE_LOOP_ANALYSIS = YES;
				CLANG_WARN_STRICT_PROTOTYPES = YES;
				CLANG_WARN_SUSPICIOUS_MOVE = YES;
				CLANG_WARN_UNGUARDED_AVAILABILITY = YES_AGGRESSIVE;
				CLANG_WARN_UNREACHABLE_CODE = YES;
				CLANG_WARN__DUPLICATE_METHOD_MATCH = YES;
				CODE_SIGN_IDENTITY = "iPhone Developer";
				COPY_PHASE_STRIP = NO;
				DEBUG_INFORMATION_FORMAT = "dwarf-with-dsym";
				ENABLE_NS_ASSERTIONS = NO;
				ENABLE_STRICT_OBJC_MSGSEND = YES;
				GCC_C_LANGUAGE_STANDARD = gnu11;
				GCC_NO_COMMON_BLOCKS = YES;
				GCC_WARN_64_TO_32_BIT_CONVERSION = YES;
				GCC_WARN_ABOUT_RETURN_TYPE = YES_ERROR;
				GCC_WARN_UNDECLARED_SELECTOR = YES;
				GCC_WARN_UNINITIALIZED_AUTOS = YES_AGGRESSIVE;
				GCC_WARN_UNUSED_FUNCTION = YES;
				GCC_WARN_UNUSED_VARIABLE = YES;
				IPHONEOS_DEPLOYMENT_TARGET = 12.1;
				MTL_ENABLE_DEBUG_INFO = NO;
				MTL_FAST_MATH = YES;
				SDKROOT = iphoneos;
				SWIFT_COMPILATION_MODE = wholemodule;
				SWIFT_OPTIMIZATION_LEVEL = "-O";
				VALIDATE_PRODUCT = YES;
			};
			name = Production;
		};
		138CE50721B81CE80033CC05 /* Production */ = {
			isa = XCBuildConfiguration;
			buildSettings = {
				ASSETCATALOG_COMPILER_APPICON_NAME = AppIcon;
				CODE_SIGN_STYLE = Automatic;
				DEVELOPMENT_TEAM = ZAU58TE88U;
				INFOPLIST_FILE = OfficeChat/Info.plist;
				LD_RUNPATH_SEARCH_PATHS = (
					"$(inherited)",
					"@executable_path/Frameworks",
				);
				PRODUCT_BUNDLE_IDENTIFIER = com.nyondo.OfficeChat;
				PRODUCT_NAME = "$(TARGET_NAME)";
				SWIFT_VERSION = 4.2;
				TARGETED_DEVICE_FAMILY = "1,2";
			};
			name = Production;
		};
		138CE50821B81CE80033CC05 /* Production */ = {
			isa = XCBuildConfiguration;
			buildSettings = {
				ALWAYS_EMBED_SWIFT_STANDARD_LIBRARIES = YES;
				BUNDLE_LOADER = "$(TEST_HOST)";
				CODE_SIGN_STYLE = Automatic;
				DEVELOPMENT_TEAM = ZAU58TE88U;
				INFOPLIST_FILE = OfficeChatTests/Info.plist;
				LD_RUNPATH_SEARCH_PATHS = (
					"$(inherited)",
					"@executable_path/Frameworks",
					"@loader_path/Frameworks",
				);
				PRODUCT_BUNDLE_IDENTIFIER = com.nyondo.OfficeChatTests;
				PRODUCT_NAME = "$(TARGET_NAME)";
				SWIFT_VERSION = 4.2;
				TARGETED_DEVICE_FAMILY = "1,2";
				TEST_HOST = "$(BUILT_PRODUCTS_DIR)/OfficeChat.app/OfficeChat";
			};
			name = Production;
		};
		138CE50921B81CE80033CC05 /* Production */ = {
			isa = XCBuildConfiguration;
			buildSettings = {
				ALWAYS_EMBED_SWIFT_STANDARD_LIBRARIES = YES;
				CODE_SIGN_STYLE = Automatic;
				DEVELOPMENT_TEAM = ZAU58TE88U;
				INFOPLIST_FILE = OfficeChatUITests/Info.plist;
				LD_RUNPATH_SEARCH_PATHS = (
					"$(inherited)",
					"@executable_path/Frameworks",
					"@loader_path/Frameworks",
				);
				PRODUCT_BUNDLE_IDENTIFIER = com.nyondo.OfficeChatUITests;
				PRODUCT_NAME = "$(TARGET_NAME)";
				SWIFT_VERSION = 4.2;
				TARGETED_DEVICE_FAMILY = "1,2";
				TEST_TARGET_NAME = OfficeChat;
			};
			name = Production;
		};
/* End XCBuildConfiguration section */

/* Begin XCConfigurationList section */
		138CE4CA21B7FBB20033CC05 /* Build configuration list for PBXProject "OfficeChat" */ = {
			isa = XCConfigurationList;
			buildConfigurations = (
				138CE4F521B7FBB40033CC05 /* Debug */,
				138CE50221B81CCA0033CC05 /* Development */,
				138CE4F621B7FBB40033CC05 /* Release */,
				138CE50621B81CE80033CC05 /* Production */,
			);
			defaultConfigurationIsVisible = 0;
			defaultConfigurationName = Release;
		};
		138CE4F721B7FBB40033CC05 /* Build configuration list for PBXNativeTarget "OfficeChat" */ = {
			isa = XCConfigurationList;
			buildConfigurations = (
				138CE4F821B7FBB40033CC05 /* Debug */,
				138CE50321B81CCA0033CC05 /* Development */,
				138CE4F921B7FBB40033CC05 /* Release */,
				138CE50721B81CE80033CC05 /* Production */,
			);
			defaultConfigurationIsVisible = 0;
			defaultConfigurationName = Release;
		};
		138CE4FA21B7FBB40033CC05 /* Build configuration list for PBXNativeTarget "OfficeChatTests" */ = {
			isa = XCConfigurationList;
			buildConfigurations = (
				138CE4FB21B7FBB40033CC05 /* Debug */,
				138CE50421B81CCA0033CC05 /* Development */,
				138CE4FC21B7FBB40033CC05 /* Release */,
				138CE50821B81CE80033CC05 /* Production */,
			);
			defaultConfigurationIsVisible = 0;
			defaultConfigurationName = Release;
		};
		138CE4FD21B7FBB40033CC05 /* Build configuration list for PBXNativeTarget "OfficeChatUITests" */ = {
			isa = XCConfigurationList;
			buildConfigurations = (
				138CE4FE21B7FBB40033CC05 /* Debug */,
				138CE50521B81CCA0033CC05 /* Development */,
				138CE4FF21B7FBB40033CC05 /* Release */,
				138CE50921B81CE80033CC05 /* Production */,
			);
			defaultConfigurationIsVisible = 0;
			defaultConfigurationName = Release;
		};
/* End XCConfigurationList section */
	};
	rootObject = 138CE4C721B7FBB20033CC05 /* Project object */;
}
